// !$*UTF8*$!
{
	archiveVersion = 1;
	classes = {
	};
	objectVersion = 51;
	objects = {

/* Begin PBXBuildFile section */
		33616A52251D04B000478DD0 /* Food_Truck_HunterApp.swift in Sources */ = {isa = PBXBuildFile; fileRef = 33616A51251D04B000478DD0 /* Food_Truck_HunterApp.swift */; };
		33616A54251D04B000478DD0 /* LoginView.swift in Sources */ = {isa = PBXBuildFile; fileRef = 33616A53251D04B000478DD0 /* LoginView.swift */; };
		33616A56251D04B100478DD0 /* Assets.xcassets in Resources */ = {isa = PBXBuildFile; fileRef = 33616A55251D04B100478DD0 /* Assets.xcassets */; };
		33616A59251D04B100478DD0 /* Preview Assets.xcassets in Resources */ = {isa = PBXBuildFile; fileRef = 33616A58251D04B100478DD0 /* Preview Assets.xcassets */; };
		33616A64251D04B200478DD0 /* Food_Truck_HunterTests.swift in Sources */ = {isa = PBXBuildFile; fileRef = 33616A63251D04B200478DD0 /* Food_Truck_HunterTests.swift */; };
		33616A6F251D04B200478DD0 /* Food_Truck_HunterUITests.swift in Sources */ = {isa = PBXBuildFile; fileRef = 33616A6E251D04B200478DD0 /* Food_Truck_HunterUITests.swift */; };
		3B924D91C7A325D9A72AFAFE /* Pods_Food_Truck_Hunter.framework in Frameworks */ = {isa = PBXBuildFile; fileRef = B4CC01FA27BF0B9FD84EADD5 /* Pods_Food_Truck_Hunter.framework */; };
		4972803F7C2FF79631EF7638 /* Pods_Food_Truck_Hunter_Food_Truck_HunterUITests.framework in Frameworks */ = {isa = PBXBuildFile; fileRef = 2CD2A07DA6FAD536844E376F /* Pods_Food_Truck_Hunter_Food_Truck_HunterUITests.framework */; };
		9198DAD2251D478900B9CDD0 /* GoogleService-Info.plist in Resources */ = {isa = PBXBuildFile; fileRef = 9198DAD1251D478900B9CDD0 /* GoogleService-Info.plist */; };
		FDD8226C6F3E241AF36BCFA3 /* Pods_Food_Truck_HunterTests.framework in Frameworks */ = {isa = PBXBuildFile; fileRef = B3DD4C58768DDBC9893A6127 /* Pods_Food_Truck_HunterTests.framework */; };
/* End PBXBuildFile section */

/* Begin PBXContainerItemProxy section */
		33616A60251D04B200478DD0 /* PBXContainerItemProxy */ = {
			isa = PBXContainerItemProxy;
			containerPortal = 33616A46251D04B000478DD0 /* Project object */;
			proxyType = 1;
			remoteGlobalIDString = 33616A4D251D04B000478DD0;
			remoteInfo = "Food Truck Hunter";
		};
		33616A6B251D04B200478DD0 /* PBXContainerItemProxy */ = {
			isa = PBXContainerItemProxy;
			containerPortal = 33616A46251D04B000478DD0 /* Project object */;
			proxyType = 1;
			remoteGlobalIDString = 33616A4D251D04B000478DD0;
			remoteInfo = "Food Truck Hunter";
		};
/* End PBXContainerItemProxy section */

/* Begin PBXFileReference section */
		1DF4E61CDBC310538E369F7F /* Pods-Food Truck Hunter-Food Truck HunterUITests.debug.xcconfig */ = {isa = PBXFileReference; includeInIndex = 1; lastKnownFileType = text.xcconfig; name = "Pods-Food Truck Hunter-Food Truck HunterUITests.debug.xcconfig"; path = "Target Support Files/Pods-Food Truck Hunter-Food Truck HunterUITests/Pods-Food Truck Hunter-Food Truck HunterUITests.debug.xcconfig"; sourceTree = "<group>"; };
		2A71F99F570BC6CF4623904B /* Pods-Food Truck Hunter.debug.xcconfig */ = {isa = PBXFileReference; includeInIndex = 1; lastKnownFileType = text.xcconfig; name = "Pods-Food Truck Hunter.debug.xcconfig"; path = "Target Support Files/Pods-Food Truck Hunter/Pods-Food Truck Hunter.debug.xcconfig"; sourceTree = "<group>"; };
		2CD2A07DA6FAD536844E376F /* Pods_Food_Truck_Hunter_Food_Truck_HunterUITests.framework */ = {isa = PBXFileReference; explicitFileType = wrapper.framework; includeInIndex = 0; path = Pods_Food_Truck_Hunter_Food_Truck_HunterUITests.framework; sourceTree = BUILT_PRODUCTS_DIR; };
		33616A4E251D04B000478DD0 /* Food Truck Hunter.app */ = {isa = PBXFileReference; explicitFileType = wrapper.application; includeInIndex = 0; path = "Food Truck Hunter.app"; sourceTree = BUILT_PRODUCTS_DIR; };
		33616A51251D04B000478DD0 /* Food_Truck_HunterApp.swift */ = {isa = PBXFileReference; lastKnownFileType = sourcecode.swift; path = Food_Truck_HunterApp.swift; sourceTree = "<group>"; };
		33616A53251D04B000478DD0 /* LoginView.swift */ = {isa = PBXFileReference; lastKnownFileType = sourcecode.swift; path = LoginView.swift; sourceTree = "<group>"; };
		33616A55251D04B100478DD0 /* Assets.xcassets */ = {isa = PBXFileReference; lastKnownFileType = folder.assetcatalog; path = Assets.xcassets; sourceTree = "<group>"; };
		33616A58251D04B100478DD0 /* Preview Assets.xcassets */ = {isa = PBXFileReference; lastKnownFileType = folder.assetcatalog; path = "Preview Assets.xcassets"; sourceTree = "<group>"; };
		33616A5A251D04B100478DD0 /* Info.plist */ = {isa = PBXFileReference; lastKnownFileType = text.plist.xml; path = Info.plist; sourceTree = "<group>"; };
		33616A5F251D04B200478DD0 /* Food Truck HunterTests.xctest */ = {isa = PBXFileReference; explicitFileType = wrapper.cfbundle; includeInIndex = 0; path = "Food Truck HunterTests.xctest"; sourceTree = BUILT_PRODUCTS_DIR; };
		33616A63251D04B200478DD0 /* Food_Truck_HunterTests.swift */ = {isa = PBXFileReference; lastKnownFileType = sourcecode.swift; path = Food_Truck_HunterTests.swift; sourceTree = "<group>"; };
		33616A65251D04B200478DD0 /* Info.plist */ = {isa = PBXFileReference; lastKnownFileType = text.plist.xml; path = Info.plist; sourceTree = "<group>"; };
		33616A6A251D04B200478DD0 /* Food Truck HunterUITests.xctest */ = {isa = PBXFileReference; explicitFileType = wrapper.cfbundle; includeInIndex = 0; path = "Food Truck HunterUITests.xctest"; sourceTree = BUILT_PRODUCTS_DIR; };
		33616A6E251D04B200478DD0 /* Food_Truck_HunterUITests.swift */ = {isa = PBXFileReference; lastKnownFileType = sourcecode.swift; path = Food_Truck_HunterUITests.swift; sourceTree = "<group>"; };
		33616A70251D04B200478DD0 /* Info.plist */ = {isa = PBXFileReference; lastKnownFileType = text.plist.xml; path = Info.plist; sourceTree = "<group>"; };
		3D310CA6B2EA7143676400AA /* Pods-Food Truck Hunter-Food Truck HunterUITests.release.xcconfig */ = {isa = PBXFileReference; includeInIndex = 1; lastKnownFileType = text.xcconfig; name = "Pods-Food Truck Hunter-Food Truck HunterUITests.release.xcconfig"; path = "Target Support Files/Pods-Food Truck Hunter-Food Truck HunterUITests/Pods-Food Truck Hunter-Food Truck HunterUITests.release.xcconfig"; sourceTree = "<group>"; };
		805CE38873A8837E39193A49 /* Pods-Food Truck HunterTests.release.xcconfig */ = {isa = PBXFileReference; includeInIndex = 1; lastKnownFileType = text.xcconfig; name = "Pods-Food Truck HunterTests.release.xcconfig"; path = "Target Support Files/Pods-Food Truck HunterTests/Pods-Food Truck HunterTests.release.xcconfig"; sourceTree = "<group>"; };
		9198DAD1251D478900B9CDD0 /* GoogleService-Info.plist */ = {isa = PBXFileReference; fileEncoding = 4; lastKnownFileType = text.plist.xml; name = "GoogleService-Info.plist"; path = "../../../../Downloads/GoogleService-Info.plist"; sourceTree = "<group>"; };
		B3DD4C58768DDBC9893A6127 /* Pods_Food_Truck_HunterTests.framework */ = {isa = PBXFileReference; explicitFileType = wrapper.framework; includeInIndex = 0; path = Pods_Food_Truck_HunterTests.framework; sourceTree = BUILT_PRODUCTS_DIR; };
		B4CC01FA27BF0B9FD84EADD5 /* Pods_Food_Truck_Hunter.framework */ = {isa = PBXFileReference; explicitFileType = wrapper.framework; includeInIndex = 0; path = Pods_Food_Truck_Hunter.framework; sourceTree = BUILT_PRODUCTS_DIR; };
		C1CF1C6B6F1D6EE0DF3AA8DE /* Pods-Food Truck Hunter.release.xcconfig */ = {isa = PBXFileReference; includeInIndex = 1; lastKnownFileType = text.xcconfig; name = "Pods-Food Truck Hunter.release.xcconfig"; path = "Target Support Files/Pods-Food Truck Hunter/Pods-Food Truck Hunter.release.xcconfig"; sourceTree = "<group>"; };
		FB551B31C542C5D5F84C2AF1 /* Pods-Food Truck HunterTests.debug.xcconfig */ = {isa = PBXFileReference; includeInIndex = 1; lastKnownFileType = text.xcconfig; name = "Pods-Food Truck HunterTests.debug.xcconfig"; path = "Target Support Files/Pods-Food Truck HunterTests/Pods-Food Truck HunterTests.debug.xcconfig"; sourceTree = "<group>"; };
/* End PBXFileReference section */

/* Begin PBXFrameworksBuildPhase section */
		33616A4B251D04B000478DD0 /* Frameworks */ = {
			isa = PBXFrameworksBuildPhase;
			buildActionMask = 2147483647;
			files = (
				3B924D91C7A325D9A72AFAFE /* Pods_Food_Truck_Hunter.framework in Frameworks */,
			);
			runOnlyForDeploymentPostprocessing = 0;
		};
		33616A5C251D04B200478DD0 /* Frameworks */ = {
			isa = PBXFrameworksBuildPhase;
			buildActionMask = 2147483647;
			files = (
				FDD8226C6F3E241AF36BCFA3 /* Pods_Food_Truck_HunterTests.framework in Frameworks */,
			);
			runOnlyForDeploymentPostprocessing = 0;
		};
		33616A67251D04B200478DD0 /* Frameworks */ = {
			isa = PBXFrameworksBuildPhase;
			buildActionMask = 2147483647;
			files = (
				4972803F7C2FF79631EF7638 /* Pods_Food_Truck_Hunter_Food_Truck_HunterUITests.framework in Frameworks */,
			);
			runOnlyForDeploymentPostprocessing = 0;
		};
/* End PBXFrameworksBuildPhase section */

/* Begin PBXGroup section */
		33616A45251D04B000478DD0 = {
			isa = PBXGroup;
			children = (
				33616A50251D04B000478DD0 /* Food Truck Hunter */,
				33616A62251D04B200478DD0 /* Food Truck HunterTests */,
				33616A6D251D04B200478DD0 /* Food Truck HunterUITests */,
				33616A4F251D04B000478DD0 /* Products */,
				D2DAC4F1C0283EC1F9F40CC2 /* Pods */,
				4D89CC5A5CE821555F311B40 /* Frameworks */,
			);
			sourceTree = "<group>";
		};
		33616A4F251D04B000478DD0 /* Products */ = {
			isa = PBXGroup;
			children = (
				33616A4E251D04B000478DD0 /* Food Truck Hunter.app */,
				33616A5F251D04B200478DD0 /* Food Truck HunterTests.xctest */,
				33616A6A251D04B200478DD0 /* Food Truck HunterUITests.xctest */,
			);
			name = Products;
			sourceTree = "<group>";
		};
		33616A50251D04B000478DD0 /* Food Truck Hunter */ = {
			isa = PBXGroup;
			children = (
				9198DAD7251D4B1A00B9CDD0 /* Models */,
				9198DAD6251D4B1500B9CDD0 /* Views */,
				9198DAD1251D478900B9CDD0 /* GoogleService-Info.plist */,
				33616A51251D04B000478DD0 /* Food_Truck_HunterApp.swift */,
				33616A55251D04B100478DD0 /* Assets.xcassets */,
				33616A5A251D04B100478DD0 /* Info.plist */,
				33616A57251D04B100478DD0 /* Preview Content */,
			);
			path = "Food Truck Hunter";
			sourceTree = "<group>";
		};
		33616A57251D04B100478DD0 /* Preview Content */ = {
			isa = PBXGroup;
			children = (
				33616A58251D04B100478DD0 /* Preview Assets.xcassets */,
			);
			path = "Preview Content";
			sourceTree = "<group>";
		};
		33616A62251D04B200478DD0 /* Food Truck HunterTests */ = {
			isa = PBXGroup;
			children = (
				33616A63251D04B200478DD0 /* Food_Truck_HunterTests.swift */,
				33616A65251D04B200478DD0 /* Info.plist */,
			);
			path = "Food Truck HunterTests";
			sourceTree = "<group>";
		};
		33616A6D251D04B200478DD0 /* Food Truck HunterUITests */ = {
			isa = PBXGroup;
			children = (
				33616A6E251D04B200478DD0 /* Food_Truck_HunterUITests.swift */,
				33616A70251D04B200478DD0 /* Info.plist */,
			);
			path = "Food Truck HunterUITests";
			sourceTree = "<group>";
		};
		4D89CC5A5CE821555F311B40 /* Frameworks */ = {
			isa = PBXGroup;
			children = (
				B4CC01FA27BF0B9FD84EADD5 /* Pods_Food_Truck_Hunter.framework */,
				2CD2A07DA6FAD536844E376F /* Pods_Food_Truck_Hunter_Food_Truck_HunterUITests.framework */,
				B3DD4C58768DDBC9893A6127 /* Pods_Food_Truck_HunterTests.framework */,
			);
			name = Frameworks;
			sourceTree = "<group>";
		};
		9198DAD6251D4B1500B9CDD0 /* Views */ = {
			isa = PBXGroup;
			children = (
				33616A53251D04B000478DD0 /* LoginView.swift */,
			);
			path = Views;
			sourceTree = "<group>";
		};
		9198DAD7251D4B1A00B9CDD0 /* Models */ = {
			isa = PBXGroup;
			children = (
			);
			path = Models;
			sourceTree = "<group>";
		};
		D2DAC4F1C0283EC1F9F40CC2 /* Pods */ = {
			isa = PBXGroup;
			children = (
				2A71F99F570BC6CF4623904B /* Pods-Food Truck Hunter.debug.xcconfig */,
				C1CF1C6B6F1D6EE0DF3AA8DE /* Pods-Food Truck Hunter.release.xcconfig */,
				1DF4E61CDBC310538E369F7F /* Pods-Food Truck Hunter-Food Truck HunterUITests.debug.xcconfig */,
				3D310CA6B2EA7143676400AA /* Pods-Food Truck Hunter-Food Truck HunterUITests.release.xcconfig */,
				FB551B31C542C5D5F84C2AF1 /* Pods-Food Truck HunterTests.debug.xcconfig */,
				805CE38873A8837E39193A49 /* Pods-Food Truck HunterTests.release.xcconfig */,
			);
			path = Pods;
			sourceTree = "<group>";
		};
/* End PBXGroup section */

/* Begin PBXNativeTarget section */
		33616A4D251D04B000478DD0 /* Food Truck Hunter */ = {
			isa = PBXNativeTarget;
			buildConfigurationList = 33616A73251D04B200478DD0 /* Build configuration list for PBXNativeTarget "Food Truck Hunter" */;
			buildPhases = (
				0A253ACE92650554887B768D /* [CP] Check Pods Manifest.lock */,
				33616A4A251D04B000478DD0 /* Sources */,
				33616A4B251D04B000478DD0 /* Frameworks */,
				33616A4C251D04B000478DD0 /* Resources */,
				8365A29EB0F5CE23435A0E63 /* [CP] Embed Pods Frameworks */,
			);
			buildRules = (
			);
			dependencies = (
			);
			name = "Food Truck Hunter";
			productName = "Food Truck Hunter";
			productReference = 33616A4E251D04B000478DD0 /* Food Truck Hunter.app */;
			productType = "com.apple.product-type.application";
		};
		33616A5E251D04B200478DD0 /* Food Truck HunterTests */ = {
			isa = PBXNativeTarget;
			buildConfigurationList = 33616A76251D04B200478DD0 /* Build configuration list for PBXNativeTarget "Food Truck HunterTests" */;
			buildPhases = (
				457E469929D80A3F8295DA5C /* [CP] Check Pods Manifest.lock */,
				33616A5B251D04B200478DD0 /* Sources */,
				33616A5C251D04B200478DD0 /* Frameworks */,
				33616A5D251D04B200478DD0 /* Resources */,
			);
			buildRules = (
			);
			dependencies = (
				33616A61251D04B200478DD0 /* PBXTargetDependency */,
			);
			name = "Food Truck HunterTests";
			productName = "Food Truck HunterTests";
			productReference = 33616A5F251D04B200478DD0 /* Food Truck HunterTests.xctest */;
			productType = "com.apple.product-type.bundle.unit-test";
		};
		33616A69251D04B200478DD0 /* Food Truck HunterUITests */ = {
			isa = PBXNativeTarget;
			buildConfigurationList = 33616A79251D04B200478DD0 /* Build configuration list for PBXNativeTarget "Food Truck HunterUITests" */;
			buildPhases = (
				D406BCD8624DCA80CCDBDC4C /* [CP] Check Pods Manifest.lock */,
				33616A66251D04B200478DD0 /* Sources */,
				33616A67251D04B200478DD0 /* Frameworks */,
				33616A68251D04B200478DD0 /* Resources */,
				5EE0CB02B0432BEF496F6F98 /* [CP] Embed Pods Frameworks */,
			);
			buildRules = (
			);
			dependencies = (
				33616A6C251D04B200478DD0 /* PBXTargetDependency */,
			);
			name = "Food Truck HunterUITests";
			productName = "Food Truck HunterUITests";
			productReference = 33616A6A251D04B200478DD0 /* Food Truck HunterUITests.xctest */;
			productType = "com.apple.product-type.bundle.ui-testing";
		};
/* End PBXNativeTarget section */

/* Begin PBXProject section */
		33616A46251D04B000478DD0 /* Project object */ = {
			isa = PBXProject;
			attributes = {
				LastSwiftUpdateCheck = 1200;
				LastUpgradeCheck = 1200;
				TargetAttributes = {
					33616A4D251D04B000478DD0 = {
						CreatedOnToolsVersion = 12.0;
					};
					33616A5E251D04B200478DD0 = {
						CreatedOnToolsVersion = 12.0;
						TestTargetID = 33616A4D251D04B000478DD0;
					};
					33616A69251D04B200478DD0 = {
						CreatedOnToolsVersion = 12.0;
						TestTargetID = 33616A4D251D04B000478DD0;
					};
				};
			};
			buildConfigurationList = 33616A49251D04B000478DD0 /* Build configuration list for PBXProject "Food Truck Hunter" */;
			compatibilityVersion = "Xcode 9.3";
			developmentRegion = en;
			hasScannedForEncodings = 0;
			knownRegions = (
				en,
				Base,
			);
			mainGroup = 33616A45251D04B000478DD0;
			productRefGroup = 33616A4F251D04B000478DD0 /* Products */;
			projectDirPath = "";
			projectRoot = "";
			targets = (
				33616A4D251D04B000478DD0 /* Food Truck Hunter */,
				33616A5E251D04B200478DD0 /* Food Truck HunterTests */,
				33616A69251D04B200478DD0 /* Food Truck HunterUITests */,
			);
		};
/* End PBXProject section */

/* Begin PBXResourcesBuildPhase section */
		33616A4C251D04B000478DD0 /* Resources */ = {
			isa = PBXResourcesBuildPhase;
			buildActionMask = 2147483647;
			files = (
				33616A59251D04B100478DD0 /* Preview Assets.xcassets in Resources */,
				33616A56251D04B100478DD0 /* Assets.xcassets in Resources */,
				9198DAD2251D478900B9CDD0 /* GoogleService-Info.plist in Resources */,
			);
			runOnlyForDeploymentPostprocessing = 0;
		};
		33616A5D251D04B200478DD0 /* Resources */ = {
			isa = PBXResourcesBuildPhase;
			buildActionMask = 2147483647;
			files = (
			);
			runOnlyForDeploymentPostprocessing = 0;
		};
		33616A68251D04B200478DD0 /* Resources */ = {
			isa = PBXResourcesBuildPhase;
			buildActionMask = 2147483647;
			files = (
			);
			runOnlyForDeploymentPostprocessing = 0;
		};
/* End PBXResourcesBuildPhase section */

/* Begin PBXShellScriptBuildPhase section */
		0A253ACE92650554887B768D /* [CP] Check Pods Manifest.lock */ = {
			isa = PBXShellScriptBuildPhase;
			buildActionMask = 2147483647;
			files = (
			);
			inputFileListPaths = (
			);
			inputPaths = (
				"${PODS_PODFILE_DIR_PATH}/Podfile.lock",
				"${PODS_ROOT}/Manifest.lock",
			);
			name = "[CP] Check Pods Manifest.lock";
			outputFileListPaths = (
			);
			outputPaths = (
				"$(DERIVED_FILE_DIR)/Pods-Food Truck Hunter-checkManifestLockResult.txt",
			);
			runOnlyForDeploymentPostprocessing = 0;
			shellPath = /bin/sh;
			shellScript = "diff \"${PODS_PODFILE_DIR_PATH}/Podfile.lock\" \"${PODS_ROOT}/Manifest.lock\" > /dev/null\nif [ $? != 0 ] ; then\n    # print error to STDERR\n    echo \"error: The sandbox is not in sync with the Podfile.lock. Run 'pod install' or update your CocoaPods installation.\" >&2\n    exit 1\nfi\n# This output is used by Xcode 'outputs' to avoid re-running this script phase.\necho \"SUCCESS\" > \"${SCRIPT_OUTPUT_FILE_0}\"\n";
			showEnvVarsInLog = 0;
		};
		457E469929D80A3F8295DA5C /* [CP] Check Pods Manifest.lock */ = {
			isa = PBXShellScriptBuildPhase;
			buildActionMask = 2147483647;
			files = (
			);
			inputFileListPaths = (
			);
			inputPaths = (
				"${PODS_PODFILE_DIR_PATH}/Podfile.lock",
				"${PODS_ROOT}/Manifest.lock",
			);
			name = "[CP] Check Pods Manifest.lock";
			outputFileListPaths = (
			);
			outputPaths = (
				"$(DERIVED_FILE_DIR)/Pods-Food Truck HunterTests-checkManifestLockResult.txt",
			);
			runOnlyForDeploymentPostprocessing = 0;
			shellPath = /bin/sh;
			shellScript = "diff \"${PODS_PODFILE_DIR_PATH}/Podfile.lock\" \"${PODS_ROOT}/Manifest.lock\" > /dev/null\nif [ $? != 0 ] ; then\n    # print error to STDERR\n    echo \"error: The sandbox is not in sync with the Podfile.lock. Run 'pod install' or update your CocoaPods installation.\" >&2\n    exit 1\nfi\n# This output is used by Xcode 'outputs' to avoid re-running this script phase.\necho \"SUCCESS\" > \"${SCRIPT_OUTPUT_FILE_0}\"\n";
			showEnvVarsInLog = 0;
		};
		5EE0CB02B0432BEF496F6F98 /* [CP] Embed Pods Frameworks */ = {
			isa = PBXShellScriptBuildPhase;
			buildActionMask = 2147483647;
			files = (
			);
			inputFileListPaths = (
				"${PODS_ROOT}/Target Support Files/Pods-Food Truck Hunter-Food Truck HunterUITests/Pods-Food Truck Hunter-Food Truck HunterUITests-frameworks-${CONFIGURATION}-input-files.xcfilelist",
			);
			name = "[CP] Embed Pods Frameworks";
			outputFileListPaths = (
				"${PODS_ROOT}/Target Support Files/Pods-Food Truck Hunter-Food Truck HunterUITests/Pods-Food Truck Hunter-Food Truck HunterUITests-frameworks-${CONFIGURATION}-output-files.xcfilelist",
			);
			runOnlyForDeploymentPostprocessing = 0;
			shellPath = /bin/sh;
			shellScript = "\"${PODS_ROOT}/Target Support Files/Pods-Food Truck Hunter-Food Truck HunterUITests/Pods-Food Truck Hunter-Food Truck HunterUITests-frameworks.sh\"\n";
			showEnvVarsInLog = 0;
		};
		8365A29EB0F5CE23435A0E63 /* [CP] Embed Pods Frameworks */ = {
			isa = PBXShellScriptBuildPhase;
			buildActionMask = 2147483647;
			files = (
			);
			inputFileListPaths = (
				"${PODS_ROOT}/Target Support Files/Pods-Food Truck Hunter/Pods-Food Truck Hunter-frameworks-${CONFIGURATION}-input-files.xcfilelist",
			);
			name = "[CP] Embed Pods Frameworks";
			outputFileListPaths = (
				"${PODS_ROOT}/Target Support Files/Pods-Food Truck Hunter/Pods-Food Truck Hunter-frameworks-${CONFIGURATION}-output-files.xcfilelist",
			);
			runOnlyForDeploymentPostprocessing = 0;
			shellPath = /bin/sh;
			shellScript = "\"${PODS_ROOT}/Target Support Files/Pods-Food Truck Hunter/Pods-Food Truck Hunter-frameworks.sh\"\n";
			showEnvVarsInLog = 0;
		};
		D406BCD8624DCA80CCDBDC4C /* [CP] Check Pods Manifest.lock */ = {
			isa = PBXShellScriptBuildPhase;
			buildActionMask = 2147483647;
			files = (
			);
			inputFileListPaths = (
			);
			inputPaths = (
				"${PODS_PODFILE_DIR_PATH}/Podfile.lock",
				"${PODS_ROOT}/Manifest.lock",
			);
			name = "[CP] Check Pods Manifest.lock";
			outputFileListPaths = (
			);
			outputPaths = (
				"$(DERIVED_FILE_DIR)/Pods-Food Truck Hunter-Food Truck HunterUITests-checkManifestLockResult.txt",
			);
			runOnlyForDeploymentPostprocessing = 0;
			shellPath = /bin/sh;
			shellScript = "diff \"${PODS_PODFILE_DIR_PATH}/Podfile.lock\" \"${PODS_ROOT}/Manifest.lock\" > /dev/null\nif [ $? != 0 ] ; then\n    # print error to STDERR\n    echo \"error: The sandbox is not in sync with the Podfile.lock. Run 'pod install' or update your CocoaPods installation.\" >&2\n    exit 1\nfi\n# This output is used by Xcode 'outputs' to avoid re-running this script phase.\necho \"SUCCESS\" > \"${SCRIPT_OUTPUT_FILE_0}\"\n";
			showEnvVarsInLog = 0;
		};
/* End PBXShellScriptBuildPhase section */

/* Begin PBXSourcesBuildPhase section */
		33616A4A251D04B000478DD0 /* Sources */ = {
			isa = PBXSourcesBuildPhase;
			buildActionMask = 2147483647;
			files = (
				33616A54251D04B000478DD0 /* LoginView.swift in Sources */,
				33616A52251D04B000478DD0 /* Food_Truck_HunterApp.swift in Sources */,
			);
			runOnlyForDeploymentPostprocessing = 0;
		};
		33616A5B251D04B200478DD0 /* Sources */ = {
			isa = PBXSourcesBuildPhase;
			buildActionMask = 2147483647;
			files = (
				33616A64251D04B200478DD0 /* Food_Truck_HunterTests.swift in Sources */,
			);
			runOnlyForDeploymentPostprocessing = 0;
		};
		33616A66251D04B200478DD0 /* Sources */ = {
			isa = PBXSourcesBuildPhase;
			buildActionMask = 2147483647;
			files = (
				33616A6F251D04B200478DD0 /* Food_Truck_HunterUITests.swift in Sources */,
			);
			runOnlyForDeploymentPostprocessing = 0;
		};
/* End PBXSourcesBuildPhase section */

/* Begin PBXTargetDependency section */
		33616A61251D04B200478DD0 /* PBXTargetDependency */ = {
			isa = PBXTargetDependency;
			target = 33616A4D251D04B000478DD0 /* Food Truck Hunter */;
			targetProxy = 33616A60251D04B200478DD0 /* PBXContainerItemProxy */;
		};
		33616A6C251D04B200478DD0 /* PBXTargetDependency */ = {
			isa = PBXTargetDependency;
			target = 33616A4D251D04B000478DD0 /* Food Truck Hunter */;
			targetProxy = 33616A6B251D04B200478DD0 /* PBXContainerItemProxy */;
		};
/* End PBXTargetDependency section */

/* Begin XCBuildConfiguration section */
		33616A71251D04B200478DD0 /* Debug */ = {
			isa = XCBuildConfiguration;
			buildSettings = {
				ALWAYS_SEARCH_USER_PATHS = NO;
				CLANG_ANALYZER_NONNULL = YES;
				CLANG_ANALYZER_NUMBER_OBJECT_CONVERSION = YES_AGGRESSIVE;
				CLANG_CXX_LANGUAGE_STANDARD = "gnu++14";
				CLANG_CXX_LIBRARY = "libc++";
				CLANG_ENABLE_MODULES = YES;
				CLANG_ENABLE_OBJC_ARC = YES;
				CLANG_ENABLE_OBJC_WEAK = YES;
				CLANG_WARN_BLOCK_CAPTURE_AUTORELEASING = YES;
				CLANG_WARN_BOOL_CONVERSION = YES;
				CLANG_WARN_COMMA = YES;
				CLANG_WARN_CONSTANT_CONVERSION = YES;
				CLANG_WARN_DEPRECATED_OBJC_IMPLEMENTATIONS = YES;
				CLANG_WARN_DIRECT_OBJC_ISA_USAGE = YES_ERROR;
				CLANG_WARN_DOCUMENTATION_COMMENTS = YES;
				CLANG_WARN_EMPTY_BODY = YES;
				CLANG_WARN_ENUM_CONVERSION = YES;
				CLANG_WARN_INFINITE_RECURSION = YES;
				CLANG_WARN_INT_CONVERSION = YES;
				CLANG_WARN_NON_LITERAL_NULL_CONVERSION = YES;
				CLANG_WARN_OBJC_IMPLICIT_RETAIN_SELF = YES;
				CLANG_WARN_OBJC_LITERAL_CONVERSION = YES;
				CLANG_WARN_OBJC_ROOT_CLASS = YES_ERROR;
				CLANG_WARN_QUOTED_INCLUDE_IN_FRAMEWORK_HEADER = YES;
				CLANG_WARN_RANGE_LOOP_ANALYSIS = YES;
				CLANG_WARN_STRICT_PROTOTYPES = YES;
				CLANG_WARN_SUSPICIOUS_MOVE = YES;
				CLANG_WARN_UNGUARDED_AVAILABILITY = YES_AGGRESSIVE;
				CLANG_WARN_UNREACHABLE_CODE = YES;
				CLANG_WARN__DUPLICATE_METHOD_MATCH = YES;
				COPY_PHASE_STRIP = NO;
				DEBUG_INFORMATION_FORMAT = dwarf;
				ENABLE_STRICT_OBJC_MSGSEND = YES;
				ENABLE_TESTABILITY = YES;
				GCC_C_LANGUAGE_STANDARD = gnu11;
				GCC_DYNAMIC_NO_PIC = NO;
				GCC_NO_COMMON_BLOCKS = YES;
				GCC_OPTIMIZATION_LEVEL = 0;
				GCC_PREPROCESSOR_DEFINITIONS = (
					"DEBUG=1",
					"$(inherited)",
				);
				GCC_WARN_64_TO_32_BIT_CONVERSION = YES;
				GCC_WARN_ABOUT_RETURN_TYPE = YES_ERROR;
				GCC_WARN_UNDECLARED_SELECTOR = YES;
				GCC_WARN_UNINITIALIZED_AUTOS = YES_AGGRESSIVE;
				GCC_WARN_UNUSED_FUNCTION = YES;
				GCC_WARN_UNUSED_VARIABLE = YES;
				IPHONEOS_DEPLOYMENT_TARGET = 14.0;
				MTL_ENABLE_DEBUG_INFO = INCLUDE_SOURCE;
				MTL_FAST_MATH = YES;
				ONLY_ACTIVE_ARCH = YES;
				SDKROOT = iphoneos;
				SWIFT_ACTIVE_COMPILATION_CONDITIONS = DEBUG;
				SWIFT_OPTIMIZATION_LEVEL = "-Onone";
			};
			name = Debug;
		};
		33616A72251D04B200478DD0 /* Release */ = {
			isa = XCBuildConfiguration;
			buildSettings = {
				ALWAYS_SEARCH_USER_PATHS = NO;
				CLANG_ANALYZER_NONNULL = YES;
				CLANG_ANALYZER_NUMBER_OBJECT_CONVERSION = YES_AGGRESSIVE;
				CLANG_CXX_LANGUAGE_STANDARD = "gnu++14";
				CLANG_CXX_LIBRARY = "libc++";
				CLANG_ENABLE_MODULES = YES;
				CLANG_ENABLE_OBJC_ARC = YES;
				CLANG_ENABLE_OBJC_WEAK = YES;
				CLANG_WARN_BLOCK_CAPTURE_AUTORELEASING = YES;
				CLANG_WARN_BOOL_CONVERSION = YES;
				CLANG_WARN_COMMA = YES;
				CLANG_WARN_CONSTANT_CONVERSION = YES;
				CLANG_WARN_DEPRECATED_OBJC_IMPLEMENTATIONS = YES;
				CLANG_WARN_DIRECT_OBJC_ISA_USAGE = YES_ERROR;
				CLANG_WARN_DOCUMENTATION_COMMENTS = YES;
				CLANG_WARN_EMPTY_BODY = YES;
				CLANG_WARN_ENUM_CONVERSION = YES;
				CLANG_WARN_INFINITE_RECURSION = YES;
				CLANG_WARN_INT_CONVERSION = YES;
				CLANG_WARN_NON_LITERAL_NULL_CONVERSION = YES;
				CLANG_WARN_OBJC_IMPLICIT_RETAIN_SELF = YES;
				CLANG_WARN_OBJC_LITERAL_CONVERSION = YES;
				CLANG_WARN_OBJC_ROOT_CLASS = YES_ERROR;
				CLANG_WARN_QUOTED_INCLUDE_IN_FRAMEWORK_HEADER = YES;
				CLANG_WARN_RANGE_LOOP_ANALYSIS = YES;
				CLANG_WARN_STRICT_PROTOTYPES = YES;
				CLANG_WARN_SUSPICIOUS_MOVE = YES;
				CLANG_WARN_UNGUARDED_AVAILABILITY = YES_AGGRESSIVE;
				CLANG_WARN_UNREACHABLE_CODE = YES;
				CLANG_WARN__DUPLICATE_METHOD_MATCH = YES;
				COPY_PHASE_STRIP = NO;
				DEBUG_INFORMATION_FORMAT = "dwarf-with-dsym";
				ENABLE_NS_ASSERTIONS = NO;
				ENABLE_STRICT_OBJC_MSGSEND = YES;
				GCC_C_LANGUAGE_STANDARD = gnu11;
				GCC_NO_COMMON_BLOCKS = YES;
				GCC_WARN_64_TO_32_BIT_CONVERSION = YES;
				GCC_WARN_ABOUT_RETURN_TYPE = YES_ERROR;
				GCC_WARN_UNDECLARED_SELECTOR = YES;
				GCC_WARN_UNINITIALIZED_AUTOS = YES_AGGRESSIVE;
				GCC_WARN_UNUSED_FUNCTION = YES;
				GCC_WARN_UNUSED_VARIABLE = YES;
				IPHONEOS_DEPLOYMENT_TARGET = 14.0;
				MTL_ENABLE_DEBUG_INFO = NO;
				MTL_FAST_MATH = YES;
				SDKROOT = iphoneos;
				SWIFT_COMPILATION_MODE = wholemodule;
				SWIFT_OPTIMIZATION_LEVEL = "-O";
				VALIDATE_PRODUCT = YES;
			};
			name = Release;
		};
		33616A74251D04B200478DD0 /* Debug */ = {
			isa = XCBuildConfiguration;
			baseConfigurationReference = 2A71F99F570BC6CF4623904B /* Pods-Food Truck Hunter.debug.xcconfig */;
			buildSettings = {
				ASSETCATALOG_COMPILER_APPICON_NAME = AppIcon;
				ASSETCATALOG_COMPILER_GLOBAL_ACCENT_COLOR_NAME = AccentColor;
				CODE_SIGN_STYLE = Automatic;
				DEVELOPMENT_ASSET_PATHS = "\"Food Truck Hunter/Preview Content\"";
				DEVELOPMENT_TEAM = F49V59FLJV;
				ENABLE_PREVIEWS = YES;
				INFOPLIST_FILE = "Food Truck Hunter/Info.plist";
				IPHONEOS_DEPLOYMENT_TARGET = 14.0;
				LD_RUNPATH_SEARCH_PATHS = (
					"$(inherited)",
					"@executable_path/Frameworks",
				);
				PRODUCT_BUNDLE_IDENTIFIER = "com.CSCI150G2.Food-Truck-Hunter";
				PRODUCT_NAME = "$(TARGET_NAME)";
				SWIFT_VERSION = 5.0;
				TARGETED_DEVICE_FAMILY = "1,2";
			};
			name = Debug;
		};
		33616A75251D04B200478DD0 /* Release */ = {
			isa = XCBuildConfiguration;
			baseConfigurationReference = C1CF1C6B6F1D6EE0DF3AA8DE /* Pods-Food Truck Hunter.release.xcconfig */;
			buildSettings = {
				ASSETCATALOG_COMPILER_APPICON_NAME = AppIcon;
				ASSETCATALOG_COMPILER_GLOBAL_ACCENT_COLOR_NAME = AccentColor;
				CODE_SIGN_STYLE = Automatic;
				DEVELOPMENT_ASSET_PATHS = "\"Food Truck Hunter/Preview Content\"";
				DEVELOPMENT_TEAM = F49V59FLJV;
				ENABLE_PREVIEWS = YES;
				INFOPLIST_FILE = "Food Truck Hunter/Info.plist";
				IPHONEOS_DEPLOYMENT_TARGET = 14.0;
				LD_RUNPATH_SEARCH_PATHS = (
					"$(inherited)",
					"@executable_path/Frameworks",
				);
				PRODUCT_BUNDLE_IDENTIFIER = "com.CSCI150G2.Food-Truck-Hunter";
				PRODUCT_NAME = "$(TARGET_NAME)";
				SWIFT_VERSION = 5.0;
				TARGETED_DEVICE_FAMILY = "1,2";
			};
			name = Release;
		};
		33616A77251D04B200478DD0 /* Debug */ = {
			isa = XCBuildConfiguration;
			baseConfigurationReference = FB551B31C542C5D5F84C2AF1 /* Pods-Food Truck HunterTests.debug.xcconfig */;
			buildSettings = {
				ALWAYS_EMBED_SWIFT_STANDARD_LIBRARIES = YES;
				BUNDLE_LOADER = "$(TEST_HOST)";
				CODE_SIGN_STYLE = Automatic;
				DEVELOPMENT_TEAM = F49V59FLJV;
				INFOPLIST_FILE = "Food Truck HunterTests/Info.plist";
				IPHONEOS_DEPLOYMENT_TARGET = 14.0;
				LD_RUNPATH_SEARCH_PATHS = (
					"$(inherited)",
					"@executable_path/Frameworks",
					"@loader_path/Frameworks",
				);
				PRODUCT_BUNDLE_IDENTIFIER = "com.CSCI150G2.Food-Truck-HunterTests";
				PRODUCT_NAME = "$(TARGET_NAME)";
				SWIFT_VERSION = 5.0;
				TARGETED_DEVICE_FAMILY = "1,2";
				TEST_HOST = "$(BUILT_PRODUCTS_DIR)/Food Truck Hunter.app/Food Truck Hunter";
			};
			name = Debug;
		};
		33616A78251D04B200478DD0 /* Release */ = {
			isa = XCBuildConfiguration;
			baseConfigurationReference = 805CE38873A8837E39193A49 /* Pods-Food Truck HunterTests.release.xcconfig */;
			buildSettings = {
				ALWAYS_EMBED_SWIFT_STANDARD_LIBRARIES = YES;
				BUNDLE_LOADER = "$(TEST_HOST)";
				CODE_SIGN_STYLE = Automatic;
				DEVELOPMENT_TEAM = F49V59FLJV;
				INFOPLIST_FILE = "Food Truck HunterTests/Info.plist";
				IPHONEOS_DEPLOYMENT_TARGET = 14.0;
				LD_RUNPATH_SEARCH_PATHS = (
					"$(inherited)",
					"@executable_path/Frameworks",
					"@loader_path/Frameworks",
				);
				PRODUCT_BUNDLE_IDENTIFIER = "com.CSCI150G2.Food-Truck-HunterTests";
				PRODUCT_NAME = "$(TARGET_NAME)";
				SWIFT_VERSION = 5.0;
				TARGETED_DEVICE_FAMILY = "1,2";
				TEST_HOST = "$(BUILT_PRODUCTS_DIR)/Food Truck Hunter.app/Food Truck Hunter";
			};
			name = Release;
		};
		33616A7A251D04B200478DD0 /* Debug */ = {
			isa = XCBuildConfiguration;
			baseConfigurationReference = 1DF4E61CDBC310538E369F7F /* Pods-Food Truck Hunter-Food Truck HunterUITests.debug.xcconfig */;
			buildSettings = {
				ALWAYS_EMBED_SWIFT_STANDARD_LIBRARIES = YES;
				CODE_SIGN_STYLE = Automatic;
				DEVELOPMENT_TEAM = F49V59FLJV;
				INFOPLIST_FILE = "Food Truck HunterUITests/Info.plist";
				LD_RUNPATH_SEARCH_PATHS = (
					"$(inherited)",
					"@executable_path/Frameworks",
					"@loader_path/Frameworks",
				);
				PRODUCT_BUNDLE_IDENTIFIER = "com.CSCI150G2.Food-Truck-HunterUITests";
				PRODUCT_NAME = "$(TARGET_NAME)";
				SWIFT_VERSION = 5.0;
				TARGETED_DEVICE_FAMILY = "1,2";
				TEST_TARGET_NAME = "Food Truck Hunter";
			};
			name = Debug;
		};
		33616A7B251D04B200478DD0 /* Release */ = {
			isa = XCBuildConfiguration;
			baseConfigurationReference = 3D310CA6B2EA7143676400AA /* Pods-Food Truck Hunter-Food Truck HunterUITests.release.xcconfig */;
			buildSettings = {
				ALWAYS_EMBED_SWIFT_STANDARD_LIBRARIES = YES;
				CODE_SIGN_STYLE = Automatic;
				DEVELOPMENT_TEAM = F49V59FLJV;
				INFOPLIST_FILE = "Food Truck HunterUITests/Info.plist";
				LD_RUNPATH_SEARCH_PATHS = (
					"$(inherited)",
					"@executable_path/Frameworks",
					"@loader_path/Frameworks",
				);
				PRODUCT_BUNDLE_IDENTIFIER = "com.CSCI150G2.Food-Truck-HunterUITests";
				PRODUCT_NAME = "$(TARGET_NAME)";
				SWIFT_VERSION = 5.0;
				TARGETED_DEVICE_FAMILY = "1,2";
				TEST_TARGET_NAME = "Food Truck Hunter";
			};
			name = Release;
		};
/* End XCBuildConfiguration section */

/* Begin XCConfigurationList section */
		33616A49251D04B000478DD0 /* Build configuration list for PBXProject "Food Truck Hunter" */ = {
			isa = XCConfigurationList;
			buildConfigurations = (
				33616A71251D04B200478DD0 /* Debug */,
				33616A72251D04B200478DD0 /* Release */,
			);
			defaultConfigurationIsVisible = 0;
			defaultConfigurationName = Release;
		};
		33616A73251D04B200478DD0 /* Build configuration list for PBXNativeTarget "Food Truck Hunter" */ = {
			isa = XCConfigurationList;
			buildConfigurations = (
				33616A74251D04B200478DD0 /* Debug */,
				33616A75251D04B200478DD0 /* Release */,
			);
			defaultConfigurationIsVisible = 0;
			defaultConfigurationName = Release;
		};
		33616A76251D04B200478DD0 /* Build configuration list for PBXNativeTarget "Food Truck HunterTests" */ = {
			isa = XCConfigurationList;
			buildConfigurations = (
				33616A77251D04B200478DD0 /* Debug */,
				33616A78251D04B200478DD0 /* Release */,
			);
			defaultConfigurationIsVisible = 0;
			defaultConfigurationName = Release;
		};
		33616A79251D04B200478DD0 /* Build configuration list for PBXNativeTarget "Food Truck HunterUITests" */ = {
			isa = XCConfigurationList;
			buildConfigurations = (
				33616A7A251D04B200478DD0 /* Debug */,
				33616A7B251D04B200478DD0 /* Release */,
			);
			defaultConfigurationIsVisible = 0;
			defaultConfigurationName = Release;
		};
/* End XCConfigurationList section */
	};
	rootObject = 33616A46251D04B000478DD0 /* Project object */;
}
