// !$*UTF8*$!
{
	archiveVersion = 1;
	classes = {
	};
	objectVersion = 51;
	objects = {

/* Begin PBXBuildFile section */
		0314C793EF6D62C35ACAF794 /* Pods_Food_Truck_Hunter.framework in Frameworks */ = {isa = PBXBuildFile; fileRef = E15E1A7F57BAE73A3F13656A /* Pods_Food_Truck_Hunter.framework */; };
		33B750AB252843FB005C3ADA /* TempLandingView.swift in Sources */ = {isa = PBXBuildFile; fileRef = 33B750AA252843FB005C3ADA /* TempLandingView.swift */; };
		79FF44BFF41139BE939D46C6 /* Pods_Food_Truck_HunterTests.framework in Frameworks */ = {isa = PBXBuildFile; fileRef = 45C406DC703EFEF75F101CF9 /* Pods_Food_Truck_HunterTests.framework */; };
		91557F422523E77300427422 /* ForgotPasswordView.swift in Sources */ = {isa = PBXBuildFile; fileRef = 91557F412523E77300427422 /* ForgotPasswordView.swift */; };
		91557F4A2523E7BF00427422 /* CreateVendorAccountView.swift in Sources */ = {isa = PBXBuildFile; fileRef = 91557F492523E7BF00427422 /* CreateVendorAccountView.swift */; };
		91557F4F2523E7E000427422 /* CreateUserAccountView.swift in Sources */ = {isa = PBXBuildFile; fileRef = 91557F4E2523E7E000427422 /* CreateUserAccountView.swift */; };
		91557F552523E99A00427422 /* FormUtilities.swift in Sources */ = {isa = PBXBuildFile; fileRef = 91557F542523E99A00427422 /* FormUtilities.swift */; };
		91557F5D2523E9EB00427422 /* UsersViewModel.swift in Sources */ = {isa = PBXBuildFile; fileRef = 91557F5C2523E9EB00427422 /* UsersViewModel.swift */; };
		91597075253017B600DF1EB2 /* DefaultButtonView.swift in Sources */ = {isa = PBXBuildFile; fileRef = 91597074253017B600DF1EB2 /* DefaultButtonView.swift */; };
		91B77A4125219D2800713501 /* AppDelegate.swift in Sources */ = {isa = PBXBuildFile; fileRef = 91B77A4025219D2800713501 /* AppDelegate.swift */; };
		91B77A4325219D2800713501 /* SceneDelegate.swift in Sources */ = {isa = PBXBuildFile; fileRef = 91B77A4225219D2800713501 /* SceneDelegate.swift */; };
		91B77A4525219D2800713501 /* ContentView.swift in Sources */ = {isa = PBXBuildFile; fileRef = 91B77A4425219D2800713501 /* ContentView.swift */; };
		91B77A4825219D2800713501 /* Food_Truck_Hunter.xcdatamodeld in Sources */ = {isa = PBXBuildFile; fileRef = 91B77A4625219D2800713501 /* Food_Truck_Hunter.xcdatamodeld */; };
		91B77A4A25219D2900713501 /* Assets.xcassets in Resources */ = {isa = PBXBuildFile; fileRef = 91B77A4925219D2900713501 /* Assets.xcassets */; };
		91B77A4D25219D2900713501 /* Preview Assets.xcassets in Resources */ = {isa = PBXBuildFile; fileRef = 91B77A4C25219D2900713501 /* Preview Assets.xcassets */; };
		91B77A5025219D2900713501 /* LaunchScreen.storyboard in Resources */ = {isa = PBXBuildFile; fileRef = 91B77A4E25219D2900713501 /* LaunchScreen.storyboard */; };
		91B77A5B25219D2900713501 /* Food_Truck_HunterTests.swift in Sources */ = {isa = PBXBuildFile; fileRef = 91B77A5A25219D2900713501 /* Food_Truck_HunterTests.swift */; };
		91B77A6625219D2900713501 /* Food_Truck_HunterUITests.swift in Sources */ = {isa = PBXBuildFile; fileRef = 91B77A6525219D2900713501 /* Food_Truck_HunterUITests.swift */; };
		91B77A8925219D6D00713501 /* GoogleService-Info.plist in Resources */ = {isa = PBXBuildFile; fileRef = 91B77A8825219D6D00713501 /* GoogleService-Info.plist */; };
		91C807E3252D089400A1A02E /* UsersModel.swift in Sources */ = {isa = PBXBuildFile; fileRef = 91C807E2252D089400A1A02E /* UsersModel.swift */; };
		C33886F26E356D41DFC334F5 /* Pods_Food_Truck_Hunter_Food_Truck_HunterUITests.framework in Frameworks */ = {isa = PBXBuildFile; fileRef = AC30453FF150886F10BEEC93 /* Pods_Food_Truck_Hunter_Food_Truck_HunterUITests.framework */; };
/* End PBXBuildFile section */

/* Begin PBXContainerItemProxy section */
		91B77A5725219D2900713501 /* PBXContainerItemProxy */ = {
			isa = PBXContainerItemProxy;
			containerPortal = 91B77A3525219D2800713501 /* Project object */;
			proxyType = 1;
			remoteGlobalIDString = 91B77A3C25219D2800713501;
			remoteInfo = "Food Truck Hunter";
		};
		91B77A6225219D2900713501 /* PBXContainerItemProxy */ = {
			isa = PBXContainerItemProxy;
			containerPortal = 91B77A3525219D2800713501 /* Project object */;
			proxyType = 1;
			remoteGlobalIDString = 91B77A3C25219D2800713501;
			remoteInfo = "Food Truck Hunter";
		};
/* End PBXContainerItemProxy section */

/* Begin PBXFileReference section */
		031B0C5B4A415259E6412F4A /* Pods-Food Truck Hunter-Food Truck HunterUITests.debug.xcconfig */ = {isa = PBXFileReference; includeInIndex = 1; lastKnownFileType = text.xcconfig; name = "Pods-Food Truck Hunter-Food Truck HunterUITests.debug.xcconfig"; path = "Target Support Files/Pods-Food Truck Hunter-Food Truck HunterUITests/Pods-Food Truck Hunter-Food Truck HunterUITests.debug.xcconfig"; sourceTree = "<group>"; };
		0DDC63C54C16BB465132E02B /* Pods-Food Truck HunterTests.debug.xcconfig */ = {isa = PBXFileReference; includeInIndex = 1; lastKnownFileType = text.xcconfig; name = "Pods-Food Truck HunterTests.debug.xcconfig"; path = "Target Support Files/Pods-Food Truck HunterTests/Pods-Food Truck HunterTests.debug.xcconfig"; sourceTree = "<group>"; };
		10F234B7CC98E4DD441D2AE2 /* Pods-Food Truck Hunter-Food Truck HunterUITests.release.xcconfig */ = {isa = PBXFileReference; includeInIndex = 1; lastKnownFileType = text.xcconfig; name = "Pods-Food Truck Hunter-Food Truck HunterUITests.release.xcconfig"; path = "Target Support Files/Pods-Food Truck Hunter-Food Truck HunterUITests/Pods-Food Truck Hunter-Food Truck HunterUITests.release.xcconfig"; sourceTree = "<group>"; };
		1D5C851450DFF31BB398D946 /* Pods-Food Truck Hunter.debug.xcconfig */ = {isa = PBXFileReference; includeInIndex = 1; lastKnownFileType = text.xcconfig; name = "Pods-Food Truck Hunter.debug.xcconfig"; path = "Target Support Files/Pods-Food Truck Hunter/Pods-Food Truck Hunter.debug.xcconfig"; sourceTree = "<group>"; };
		20ACA374320BA51F4EF8E331 /* Pods-Food Truck HunterTests.release.xcconfig */ = {isa = PBXFileReference; includeInIndex = 1; lastKnownFileType = text.xcconfig; name = "Pods-Food Truck HunterTests.release.xcconfig"; path = "Target Support Files/Pods-Food Truck HunterTests/Pods-Food Truck HunterTests.release.xcconfig"; sourceTree = "<group>"; };
		33B750AA252843FB005C3ADA /* TempLandingView.swift */ = {isa = PBXFileReference; lastKnownFileType = sourcecode.swift; path = TempLandingView.swift; sourceTree = "<group>"; };
		45C406DC703EFEF75F101CF9 /* Pods_Food_Truck_HunterTests.framework */ = {isa = PBXFileReference; explicitFileType = wrapper.framework; includeInIndex = 0; path = Pods_Food_Truck_HunterTests.framework; sourceTree = BUILT_PRODUCTS_DIR; };
		4AAA6BF36C79D47506E00ABC /* Pods-Food Truck Hunter-Food Truck HunterTests.debug.xcconfig */ = {isa = PBXFileReference; includeInIndex = 1; lastKnownFileType = text.xcconfig; name = "Pods-Food Truck Hunter-Food Truck HunterTests.debug.xcconfig"; path = "Target Support Files/Pods-Food Truck Hunter-Food Truck HunterTests/Pods-Food Truck Hunter-Food Truck HunterTests.debug.xcconfig"; sourceTree = "<group>"; };
		7745A67C172EECC6623853F1 /* Pods-Food Truck Hunter.release.xcconfig */ = {isa = PBXFileReference; includeInIndex = 1; lastKnownFileType = text.xcconfig; name = "Pods-Food Truck Hunter.release.xcconfig"; path = "Target Support Files/Pods-Food Truck Hunter/Pods-Food Truck Hunter.release.xcconfig"; sourceTree = "<group>"; };
		91557F412523E77300427422 /* ForgotPasswordView.swift */ = {isa = PBXFileReference; lastKnownFileType = sourcecode.swift; path = ForgotPasswordView.swift; sourceTree = "<group>"; };
		91557F492523E7BF00427422 /* CreateVendorAccountView.swift */ = {isa = PBXFileReference; lastKnownFileType = sourcecode.swift; path = CreateVendorAccountView.swift; sourceTree = "<group>"; };
		91557F4E2523E7E000427422 /* CreateUserAccountView.swift */ = {isa = PBXFileReference; lastKnownFileType = sourcecode.swift; path = CreateUserAccountView.swift; sourceTree = "<group>"; };
		91557F542523E99A00427422 /* FormUtilities.swift */ = {isa = PBXFileReference; lastKnownFileType = sourcecode.swift; path = FormUtilities.swift; sourceTree = "<group>"; };
		91557F5C2523E9EB00427422 /* UsersViewModel.swift */ = {isa = PBXFileReference; lastKnownFileType = sourcecode.swift; path = UsersViewModel.swift; sourceTree = "<group>"; };
		91597074253017B600DF1EB2 /* DefaultButtonView.swift */ = {isa = PBXFileReference; lastKnownFileType = sourcecode.swift; path = DefaultButtonView.swift; sourceTree = "<group>"; };
		91B77A3D25219D2800713501 /* Food Truck Hunter.app */ = {isa = PBXFileReference; explicitFileType = wrapper.application; includeInIndex = 0; path = "Food Truck Hunter.app"; sourceTree = BUILT_PRODUCTS_DIR; };
		91B77A4025219D2800713501 /* AppDelegate.swift */ = {isa = PBXFileReference; lastKnownFileType = sourcecode.swift; path = AppDelegate.swift; sourceTree = "<group>"; };
		91B77A4225219D2800713501 /* SceneDelegate.swift */ = {isa = PBXFileReference; lastKnownFileType = sourcecode.swift; path = SceneDelegate.swift; sourceTree = "<group>"; };
		91B77A4425219D2800713501 /* ContentView.swift */ = {isa = PBXFileReference; lastKnownFileType = sourcecode.swift; path = ContentView.swift; sourceTree = "<group>"; };
		91B77A4725219D2800713501 /* Food_Truck_Hunter.xcdatamodel */ = {isa = PBXFileReference; lastKnownFileType = wrapper.xcdatamodel; path = Food_Truck_Hunter.xcdatamodel; sourceTree = "<group>"; };
		91B77A4925219D2900713501 /* Assets.xcassets */ = {isa = PBXFileReference; lastKnownFileType = folder.assetcatalog; path = Assets.xcassets; sourceTree = "<group>"; };
		91B77A4C25219D2900713501 /* Preview Assets.xcassets */ = {isa = PBXFileReference; lastKnownFileType = folder.assetcatalog; path = "Preview Assets.xcassets"; sourceTree = "<group>"; };
		91B77A4F25219D2900713501 /* Base */ = {isa = PBXFileReference; lastKnownFileType = file.storyboard; name = Base; path = Base.lproj/LaunchScreen.storyboard; sourceTree = "<group>"; };
		91B77A5125219D2900713501 /* Info.plist */ = {isa = PBXFileReference; lastKnownFileType = text.plist.xml; path = Info.plist; sourceTree = "<group>"; };
		91B77A5625219D2900713501 /* Food Truck HunterTests.xctest */ = {isa = PBXFileReference; explicitFileType = wrapper.cfbundle; includeInIndex = 0; path = "Food Truck HunterTests.xctest"; sourceTree = BUILT_PRODUCTS_DIR; };
		91B77A5A25219D2900713501 /* Food_Truck_HunterTests.swift */ = {isa = PBXFileReference; lastKnownFileType = sourcecode.swift; path = Food_Truck_HunterTests.swift; sourceTree = "<group>"; };
		91B77A5C25219D2900713501 /* Info.plist */ = {isa = PBXFileReference; lastKnownFileType = text.plist.xml; path = Info.plist; sourceTree = "<group>"; };
		91B77A6125219D2900713501 /* Food Truck HunterUITests.xctest */ = {isa = PBXFileReference; explicitFileType = wrapper.cfbundle; includeInIndex = 0; path = "Food Truck HunterUITests.xctest"; sourceTree = BUILT_PRODUCTS_DIR; };
		91B77A6525219D2900713501 /* Food_Truck_HunterUITests.swift */ = {isa = PBXFileReference; lastKnownFileType = sourcecode.swift; path = Food_Truck_HunterUITests.swift; sourceTree = "<group>"; };
		91B77A6725219D2900713501 /* Info.plist */ = {isa = PBXFileReference; lastKnownFileType = text.plist.xml; path = Info.plist; sourceTree = "<group>"; };
		91B77A8825219D6D00713501 /* GoogleService-Info.plist */ = {isa = PBXFileReference; fileEncoding = 4; lastKnownFileType = text.plist.xml; path = "GoogleService-Info.plist"; sourceTree = "<group>"; };
		91C807E2252D089400A1A02E /* UsersModel.swift */ = {isa = PBXFileReference; lastKnownFileType = sourcecode.swift; path = UsersModel.swift; sourceTree = "<group>"; };
		AC30453FF150886F10BEEC93 /* Pods_Food_Truck_Hunter_Food_Truck_HunterUITests.framework */ = {isa = PBXFileReference; explicitFileType = wrapper.framework; includeInIndex = 0; path = Pods_Food_Truck_Hunter_Food_Truck_HunterUITests.framework; sourceTree = BUILT_PRODUCTS_DIR; };
		E15E1A7F57BAE73A3F13656A /* Pods_Food_Truck_Hunter.framework */ = {isa = PBXFileReference; explicitFileType = wrapper.framework; includeInIndex = 0; path = Pods_Food_Truck_Hunter.framework; sourceTree = BUILT_PRODUCTS_DIR; };
		FACF0D5299F0EEFBACD3253E /* Pods-Food Truck Hunter-Food Truck HunterTests.release.xcconfig */ = {isa = PBXFileReference; includeInIndex = 1; lastKnownFileType = text.xcconfig; name = "Pods-Food Truck Hunter-Food Truck HunterTests.release.xcconfig"; path = "Target Support Files/Pods-Food Truck Hunter-Food Truck HunterTests/Pods-Food Truck Hunter-Food Truck HunterTests.release.xcconfig"; sourceTree = "<group>"; };
/* End PBXFileReference section */

/* Begin PBXFrameworksBuildPhase section */
		91B77A3A25219D2800713501 /* Frameworks */ = {
			isa = PBXFrameworksBuildPhase;
			buildActionMask = 2147483647;
			files = (
				0314C793EF6D62C35ACAF794 /* Pods_Food_Truck_Hunter.framework in Frameworks */,
			);
			runOnlyForDeploymentPostprocessing = 0;
		};
		91B77A5325219D2900713501 /* Frameworks */ = {
			isa = PBXFrameworksBuildPhase;
			buildActionMask = 2147483647;
			files = (
				79FF44BFF41139BE939D46C6 /* Pods_Food_Truck_HunterTests.framework in Frameworks */,
			);
			runOnlyForDeploymentPostprocessing = 0;
		};
		91B77A5E25219D2900713501 /* Frameworks */ = {
			isa = PBXFrameworksBuildPhase;
			buildActionMask = 2147483647;
			files = (
				C33886F26E356D41DFC334F5 /* Pods_Food_Truck_Hunter_Food_Truck_HunterUITests.framework in Frameworks */,
			);
			runOnlyForDeploymentPostprocessing = 0;
		};
/* End PBXFrameworksBuildPhase section */

/* Begin PBXGroup section */
		73E56241096DA50180F47E21 /* Pods */ = {
			isa = PBXGroup;
			children = (
				1D5C851450DFF31BB398D946 /* Pods-Food Truck Hunter.debug.xcconfig */,
				7745A67C172EECC6623853F1 /* Pods-Food Truck Hunter.release.xcconfig */,
				031B0C5B4A415259E6412F4A /* Pods-Food Truck Hunter-Food Truck HunterUITests.debug.xcconfig */,
				10F234B7CC98E4DD441D2AE2 /* Pods-Food Truck Hunter-Food Truck HunterUITests.release.xcconfig */,
				0DDC63C54C16BB465132E02B /* Pods-Food Truck HunterTests.debug.xcconfig */,
				20ACA374320BA51F4EF8E331 /* Pods-Food Truck HunterTests.release.xcconfig */,
				4AAA6BF36C79D47506E00ABC /* Pods-Food Truck Hunter-Food Truck HunterTests.debug.xcconfig */,
				FACF0D5299F0EEFBACD3253E /* Pods-Food Truck Hunter-Food Truck HunterTests.release.xcconfig */,
			);
			path = Pods;
			sourceTree = "<group>";
		};
		8F380D4D9B88DC3560FE106F /* Frameworks */ = {
			isa = PBXGroup;
			children = (
				E15E1A7F57BAE73A3F13656A /* Pods_Food_Truck_Hunter.framework */,
				AC30453FF150886F10BEEC93 /* Pods_Food_Truck_Hunter_Food_Truck_HunterUITests.framework */,
				45C406DC703EFEF75F101CF9 /* Pods_Food_Truck_HunterTests.framework */,
			);
			name = Frameworks;
			sourceTree = "<group>";
		};
		91557F3D2523E71800427422 /* Models */ = {
			isa = PBXGroup;
			children = (
				91C807E2252D089400A1A02E /* UsersModel.swift */,
			);
			path = Models;
			sourceTree = "<group>";
		};
		91557F3E2523E72500427422 /* Views */ = {
			isa = PBXGroup;
			children = (
				9159705B252FF77700DF1EB2 /* Components */,
				91557F412523E77300427422 /* ForgotPasswordView.swift */,
				91557F492523E7BF00427422 /* CreateVendorAccountView.swift */,
				91557F4E2523E7E000427422 /* CreateUserAccountView.swift */,
				33B750AA252843FB005C3ADA /* TempLandingView.swift */,
			);
			path = Views;
			sourceTree = "<group>";
		};
		91557F3F2523E72C00427422 /* ViewModels */ = {
			isa = PBXGroup;
			children = (
				91557F5C2523E9EB00427422 /* UsersViewModel.swift */,
			);
			path = ViewModels;
			sourceTree = "<group>";
		};
		91557F532523E97800427422 /* Helpers */ = {
			isa = PBXGroup;
			children = (
				91557F542523E99A00427422 /* FormUtilities.swift */,
			);
			path = Helpers;
			sourceTree = "<group>";
		};
		9159705B252FF77700DF1EB2 /* Components */ = {
			isa = PBXGroup;
			children = (
				915970722530153700DF1EB2 /* Buttons */,
			);
			path = Components;
			sourceTree = "<group>";
		};
		915970722530153700DF1EB2 /* Buttons */ = {
			isa = PBXGroup;
			children = (
				91597074253017B600DF1EB2 /* DefaultButtonView.swift */,
			);
			path = Buttons;
			sourceTree = "<group>";
		};
		91B77A3425219D2800713501 = {
			isa = PBXGroup;
			children = (
				91B77A3F25219D2800713501 /* Food Truck Hunter */,
				91B77A5925219D2900713501 /* Food Truck HunterTests */,
				91B77A6425219D2900713501 /* Food Truck HunterUITests */,
				91B77A3E25219D2800713501 /* Products */,
				73E56241096DA50180F47E21 /* Pods */,
				8F380D4D9B88DC3560FE106F /* Frameworks */,
			);
			sourceTree = "<group>";
		};
		91B77A3E25219D2800713501 /* Products */ = {
			isa = PBXGroup;
			children = (
				91B77A3D25219D2800713501 /* Food Truck Hunter.app */,
				91B77A5625219D2900713501 /* Food Truck HunterTests.xctest */,
				91B77A6125219D2900713501 /* Food Truck HunterUITests.xctest */,
			);
			name = Products;
			sourceTree = "<group>";
		};
		91B77A3F25219D2800713501 /* Food Truck Hunter */ = {
			isa = PBXGroup;
			children = (
				91557F532523E97800427422 /* Helpers */,
				91557F3F2523E72C00427422 /* ViewModels */,
				91557F3E2523E72500427422 /* Views */,
				91557F3D2523E71800427422 /* Models */,
				91B77A8825219D6D00713501 /* GoogleService-Info.plist */,
				91B77A4025219D2800713501 /* AppDelegate.swift */,
				91B77A4225219D2800713501 /* SceneDelegate.swift */,
				91B77A4425219D2800713501 /* ContentView.swift */,
				91B77A4925219D2900713501 /* Assets.xcassets */,
				91B77A4E25219D2900713501 /* LaunchScreen.storyboard */,
				91B77A5125219D2900713501 /* Info.plist */,
				91B77A4625219D2800713501 /* Food_Truck_Hunter.xcdatamodeld */,
				91B77A4B25219D2900713501 /* Preview Content */,
			);
			path = "Food Truck Hunter";
			sourceTree = "<group>";
		};
		91B77A4B25219D2900713501 /* Preview Content */ = {
			isa = PBXGroup;
			children = (
				91B77A4C25219D2900713501 /* Preview Assets.xcassets */,
			);
			path = "Preview Content";
			sourceTree = "<group>";
		};
		91B77A5925219D2900713501 /* Food Truck HunterTests */ = {
			isa = PBXGroup;
			children = (
				91B77A5A25219D2900713501 /* Food_Truck_HunterTests.swift */,
				91B77A5C25219D2900713501 /* Info.plist */,
			);
			path = "Food Truck HunterTests";
			sourceTree = "<group>";
		};
		91B77A6425219D2900713501 /* Food Truck HunterUITests */ = {
			isa = PBXGroup;
			children = (
				91B77A6525219D2900713501 /* Food_Truck_HunterUITests.swift */,
				91B77A6725219D2900713501 /* Info.plist */,
			);
			path = "Food Truck HunterUITests";
			sourceTree = "<group>";
		};
/* End PBXGroup section */

/* Begin PBXNativeTarget section */
		91B77A3C25219D2800713501 /* Food Truck Hunter */ = {
			isa = PBXNativeTarget;
			buildConfigurationList = 91B77A6A25219D2900713501 /* Build configuration list for PBXNativeTarget "Food Truck Hunter" */;
			buildPhases = (
				863C8034D640520C69E8C4C1 /* [CP] Check Pods Manifest.lock */,
				91B77A3925219D2800713501 /* Sources */,
				91B77A3A25219D2800713501 /* Frameworks */,
				91B77A3B25219D2800713501 /* Resources */,
				D1E1AF08992DCEB2075DC4AA /* [CP] Embed Pods Frameworks */,
				973E1399A42E07C112DC03DA /* [CP] Copy Pods Resources */,
			);
			buildRules = (
			);
			dependencies = (
			);
			name = "Food Truck Hunter";
			productName = "Food Truck Hunter";
			productReference = 91B77A3D25219D2800713501 /* Food Truck Hunter.app */;
			productType = "com.apple.product-type.application";
		};
		91B77A5525219D2900713501 /* Food Truck HunterTests */ = {
			isa = PBXNativeTarget;
			buildConfigurationList = 91B77A6D25219D2900713501 /* Build configuration list for PBXNativeTarget "Food Truck HunterTests" */;
			buildPhases = (
				944B606DFB8677E7C7308D2B /* [CP] Check Pods Manifest.lock */,
				91B77A5225219D2900713501 /* Sources */,
				91B77A5325219D2900713501 /* Frameworks */,
				91B77A5425219D2900713501 /* Resources */,
			);
			buildRules = (
			);
			dependencies = (
				91B77A5825219D2900713501 /* PBXTargetDependency */,
			);
			name = "Food Truck HunterTests";
			productName = "Food Truck HunterTests";
			productReference = 91B77A5625219D2900713501 /* Food Truck HunterTests.xctest */;
			productType = "com.apple.product-type.bundle.unit-test";
		};
		91B77A6025219D2900713501 /* Food Truck HunterUITests */ = {
			isa = PBXNativeTarget;
			buildConfigurationList = 91B77A7025219D2900713501 /* Build configuration list for PBXNativeTarget "Food Truck HunterUITests" */;
			buildPhases = (
				6B748C50C7AE833EA60258AC /* [CP] Check Pods Manifest.lock */,
				91B77A5D25219D2900713501 /* Sources */,
				91B77A5E25219D2900713501 /* Frameworks */,
				91B77A5F25219D2900713501 /* Resources */,
				5F004F5402E48E0991EA70A1 /* [CP] Embed Pods Frameworks */,
				08E068DB6A6488AC24E0EC24 /* [CP] Copy Pods Resources */,
			);
			buildRules = (
			);
			dependencies = (
				91B77A6325219D2900713501 /* PBXTargetDependency */,
			);
			name = "Food Truck HunterUITests";
			productName = "Food Truck HunterUITests";
			productReference = 91B77A6125219D2900713501 /* Food Truck HunterUITests.xctest */;
			productType = "com.apple.product-type.bundle.ui-testing";
		};
/* End PBXNativeTarget section */

/* Begin PBXProject section */
		91B77A3525219D2800713501 /* Project object */ = {
			isa = PBXProject;
			attributes = {
				LastSwiftUpdateCheck = 1200;
				LastUpgradeCheck = 1200;
				TargetAttributes = {
					91B77A3C25219D2800713501 = {
						CreatedOnToolsVersion = 12.0.1;
					};
					91B77A5525219D2900713501 = {
						CreatedOnToolsVersion = 12.0.1;
						TestTargetID = 91B77A3C25219D2800713501;
					};
					91B77A6025219D2900713501 = {
						CreatedOnToolsVersion = 12.0.1;
						TestTargetID = 91B77A3C25219D2800713501;
					};
				};
			};
			buildConfigurationList = 91B77A3825219D2800713501 /* Build configuration list for PBXProject "Food Truck Hunter" */;
			compatibilityVersion = "Xcode 9.3";
			developmentRegion = en;
			hasScannedForEncodings = 0;
			knownRegions = (
				en,
				Base,
			);
			mainGroup = 91B77A3425219D2800713501;
			productRefGroup = 91B77A3E25219D2800713501 /* Products */;
			projectDirPath = "";
			projectRoot = "";
			targets = (
				91B77A3C25219D2800713501 /* Food Truck Hunter */,
				91B77A5525219D2900713501 /* Food Truck HunterTests */,
				91B77A6025219D2900713501 /* Food Truck HunterUITests */,
			);
		};
/* End PBXProject section */

/* Begin PBXResourcesBuildPhase section */
		91B77A3B25219D2800713501 /* Resources */ = {
			isa = PBXResourcesBuildPhase;
			buildActionMask = 2147483647;
			files = (
				91B77A5025219D2900713501 /* LaunchScreen.storyboard in Resources */,
				91B77A8925219D6D00713501 /* GoogleService-Info.plist in Resources */,
				91B77A4D25219D2900713501 /* Preview Assets.xcassets in Resources */,
				91B77A4A25219D2900713501 /* Assets.xcassets in Resources */,
			);
			runOnlyForDeploymentPostprocessing = 0;
		};
		91B77A5425219D2900713501 /* Resources */ = {
			isa = PBXResourcesBuildPhase;
			buildActionMask = 2147483647;
			files = (
			);
			runOnlyForDeploymentPostprocessing = 0;
		};
		91B77A5F25219D2900713501 /* Resources */ = {
			isa = PBXResourcesBuildPhase;
			buildActionMask = 2147483647;
			files = (
			);
			runOnlyForDeploymentPostprocessing = 0;
		};
/* End PBXResourcesBuildPhase section */

/* Begin PBXShellScriptBuildPhase section */
		08E068DB6A6488AC24E0EC24 /* [CP] Copy Pods Resources */ = {
			isa = PBXShellScriptBuildPhase;
			buildActionMask = 2147483647;
			files = (
			);
			inputFileListPaths = (
				"${PODS_ROOT}/Target Support Files/Pods-Food Truck Hunter-Food Truck HunterUITests/Pods-Food Truck Hunter-Food Truck HunterUITests-resources-${CONFIGURATION}-input-files.xcfilelist",
			);
			name = "[CP] Copy Pods Resources";
			outputFileListPaths = (
				"${PODS_ROOT}/Target Support Files/Pods-Food Truck Hunter-Food Truck HunterUITests/Pods-Food Truck Hunter-Food Truck HunterUITests-resources-${CONFIGURATION}-output-files.xcfilelist",
			);
			runOnlyForDeploymentPostprocessing = 0;
			shellPath = /bin/sh;
			shellScript = "\"${PODS_ROOT}/Target Support Files/Pods-Food Truck Hunter-Food Truck HunterUITests/Pods-Food Truck Hunter-Food Truck HunterUITests-resources.sh\"\n";
			showEnvVarsInLog = 0;
		};
		5F004F5402E48E0991EA70A1 /* [CP] Embed Pods Frameworks */ = {
			isa = PBXShellScriptBuildPhase;
			buildActionMask = 2147483647;
			files = (
			);
			inputFileListPaths = (
				"${PODS_ROOT}/Target Support Files/Pods-Food Truck Hunter-Food Truck HunterUITests/Pods-Food Truck Hunter-Food Truck HunterUITests-frameworks-${CONFIGURATION}-input-files.xcfilelist",
			);
			name = "[CP] Embed Pods Frameworks";
			outputFileListPaths = (
				"${PODS_ROOT}/Target Support Files/Pods-Food Truck Hunter-Food Truck HunterUITests/Pods-Food Truck Hunter-Food Truck HunterUITests-frameworks-${CONFIGURATION}-output-files.xcfilelist",
			);
			runOnlyForDeploymentPostprocessing = 0;
			shellPath = /bin/sh;
			shellScript = "\"${PODS_ROOT}/Target Support Files/Pods-Food Truck Hunter-Food Truck HunterUITests/Pods-Food Truck Hunter-Food Truck HunterUITests-frameworks.sh\"\n";
			showEnvVarsInLog = 0;
		};
		6B748C50C7AE833EA60258AC /* [CP] Check Pods Manifest.lock */ = {
			isa = PBXShellScriptBuildPhase;
			buildActionMask = 2147483647;
			files = (
			);
			inputFileListPaths = (
			);
			inputPaths = (
				"${PODS_PODFILE_DIR_PATH}/Podfile.lock",
				"${PODS_ROOT}/Manifest.lock",
			);
			name = "[CP] Check Pods Manifest.lock";
			outputFileListPaths = (
			);
			outputPaths = (
				"$(DERIVED_FILE_DIR)/Pods-Food Truck Hunter-Food Truck HunterUITests-checkManifestLockResult.txt",
			);
			runOnlyForDeploymentPostprocessing = 0;
			shellPath = /bin/sh;
			shellScript = "diff \"${PODS_PODFILE_DIR_PATH}/Podfile.lock\" \"${PODS_ROOT}/Manifest.lock\" > /dev/null\nif [ $? != 0 ] ; then\n    # print error to STDERR\n    echo \"error: The sandbox is not in sync with the Podfile.lock. Run 'pod install' or update your CocoaPods installation.\" >&2\n    exit 1\nfi\n# This output is used by Xcode 'outputs' to avoid re-running this script phase.\necho \"SUCCESS\" > \"${SCRIPT_OUTPUT_FILE_0}\"\n";
			showEnvVarsInLog = 0;
		};
		863C8034D640520C69E8C4C1 /* [CP] Check Pods Manifest.lock */ = {
			isa = PBXShellScriptBuildPhase;
			buildActionMask = 2147483647;
			files = (
			);
			inputFileListPaths = (
			);
			inputPaths = (
				"${PODS_PODFILE_DIR_PATH}/Podfile.lock",
				"${PODS_ROOT}/Manifest.lock",
			);
			name = "[CP] Check Pods Manifest.lock";
			outputFileListPaths = (
			);
			outputPaths = (
				"$(DERIVED_FILE_DIR)/Pods-Food Truck Hunter-checkManifestLockResult.txt",
			);
			runOnlyForDeploymentPostprocessing = 0;
			shellPath = /bin/sh;
			shellScript = "diff \"${PODS_PODFILE_DIR_PATH}/Podfile.lock\" \"${PODS_ROOT}/Manifest.lock\" > /dev/null\nif [ $? != 0 ] ; then\n    # print error to STDERR\n    echo \"error: The sandbox is not in sync with the Podfile.lock. Run 'pod install' or update your CocoaPods installation.\" >&2\n    exit 1\nfi\n# This output is used by Xcode 'outputs' to avoid re-running this script phase.\necho \"SUCCESS\" > \"${SCRIPT_OUTPUT_FILE_0}\"\n";
			showEnvVarsInLog = 0;
		};
		944B606DFB8677E7C7308D2B /* [CP] Check Pods Manifest.lock */ = {
			isa = PBXShellScriptBuildPhase;
			buildActionMask = 2147483647;
			files = (
			);
			inputFileListPaths = (
			);
			inputPaths = (
				"${PODS_PODFILE_DIR_PATH}/Podfile.lock",
				"${PODS_ROOT}/Manifest.lock",
			);
			name = "[CP] Check Pods Manifest.lock";
			outputFileListPaths = (
			);
			outputPaths = (
				"$(DERIVED_FILE_DIR)/Pods-Food Truck HunterTests-checkManifestLockResult.txt",
			);
			runOnlyForDeploymentPostprocessing = 0;
			shellPath = /bin/sh;
			shellScript = "diff \"${PODS_PODFILE_DIR_PATH}/Podfile.lock\" \"${PODS_ROOT}/Manifest.lock\" > /dev/null\nif [ $? != 0 ] ; then\n    # print error to STDERR\n    echo \"error: The sandbox is not in sync with the Podfile.lock. Run 'pod install' or update your CocoaPods installation.\" >&2\n    exit 1\nfi\n# This output is used by Xcode 'outputs' to avoid re-running this script phase.\necho \"SUCCESS\" > \"${SCRIPT_OUTPUT_FILE_0}\"\n";
			showEnvVarsInLog = 0;
		};
		973E1399A42E07C112DC03DA /* [CP] Copy Pods Resources */ = {
			isa = PBXShellScriptBuildPhase;
			buildActionMask = 2147483647;
			files = (
			);
			inputFileListPaths = (
				"${PODS_ROOT}/Target Support Files/Pods-Food Truck Hunter/Pods-Food Truck Hunter-resources-${CONFIGURATION}-input-files.xcfilelist",
			);
			name = "[CP] Copy Pods Resources";
			outputFileListPaths = (
				"${PODS_ROOT}/Target Support Files/Pods-Food Truck Hunter/Pods-Food Truck Hunter-resources-${CONFIGURATION}-output-files.xcfilelist",
			);
			runOnlyForDeploymentPostprocessing = 0;
			shellPath = /bin/sh;
			shellScript = "\"${PODS_ROOT}/Target Support Files/Pods-Food Truck Hunter/Pods-Food Truck Hunter-resources.sh\"\n";
			showEnvVarsInLog = 0;
		};
		D1E1AF08992DCEB2075DC4AA /* [CP] Embed Pods Frameworks */ = {
			isa = PBXShellScriptBuildPhase;
			buildActionMask = 2147483647;
			files = (
			);
			inputFileListPaths = (
				"${PODS_ROOT}/Target Support Files/Pods-Food Truck Hunter/Pods-Food Truck Hunter-frameworks-${CONFIGURATION}-input-files.xcfilelist",
			);
			name = "[CP] Embed Pods Frameworks";
			outputFileListPaths = (
				"${PODS_ROOT}/Target Support Files/Pods-Food Truck Hunter/Pods-Food Truck Hunter-frameworks-${CONFIGURATION}-output-files.xcfilelist",
			);
			runOnlyForDeploymentPostprocessing = 0;
			shellPath = /bin/sh;
			shellScript = "\"${PODS_ROOT}/Target Support Files/Pods-Food Truck Hunter/Pods-Food Truck Hunter-frameworks.sh\"\n";
			showEnvVarsInLog = 0;
		};
/* End PBXShellScriptBuildPhase section */

/* Begin PBXSourcesBuildPhase section */
		91B77A3925219D2800713501 /* Sources */ = {
			isa = PBXSourcesBuildPhase;
			buildActionMask = 2147483647;
			files = (
				91557F4F2523E7E000427422 /* CreateUserAccountView.swift in Sources */,
				91B77A4125219D2800713501 /* AppDelegate.swift in Sources */,
				91B77A4325219D2800713501 /* SceneDelegate.swift in Sources */,
				91B77A4525219D2800713501 /* ContentView.swift in Sources */,
				91C807E3252D089400A1A02E /* UsersModel.swift in Sources */,
				33B750AB252843FB005C3ADA /* TempLandingView.swift in Sources */,
				91557F422523E77300427422 /* ForgotPasswordView.swift in Sources */,
				91557F4A2523E7BF00427422 /* CreateVendorAccountView.swift in Sources */,
				91557F552523E99A00427422 /* FormUtilities.swift in Sources */,
				91557F5D2523E9EB00427422 /* UsersViewModel.swift in Sources */,
				91597075253017B600DF1EB2 /* DefaultButtonView.swift in Sources */,
				91B77A4825219D2800713501 /* Food_Truck_Hunter.xcdatamodeld in Sources */,
			);
			runOnlyForDeploymentPostprocessing = 0;
		};
		91B77A5225219D2900713501 /* Sources */ = {
			isa = PBXSourcesBuildPhase;
			buildActionMask = 2147483647;
			files = (
				91B77A5B25219D2900713501 /* Food_Truck_HunterTests.swift in Sources */,
			);
			runOnlyForDeploymentPostprocessing = 0;
		};
		91B77A5D25219D2900713501 /* Sources */ = {
			isa = PBXSourcesBuildPhase;
			buildActionMask = 2147483647;
			files = (
				91B77A6625219D2900713501 /* Food_Truck_HunterUITests.swift in Sources */,
			);
			runOnlyForDeploymentPostprocessing = 0;
		};
/* End PBXSourcesBuildPhase section */

/* Begin PBXTargetDependency section */
		91B77A5825219D2900713501 /* PBXTargetDependency */ = {
			isa = PBXTargetDependency;
			target = 91B77A3C25219D2800713501 /* Food Truck Hunter */;
			targetProxy = 91B77A5725219D2900713501 /* PBXContainerItemProxy */;
		};
		91B77A6325219D2900713501 /* PBXTargetDependency */ = {
			isa = PBXTargetDependency;
			target = 91B77A3C25219D2800713501 /* Food Truck Hunter */;
			targetProxy = 91B77A6225219D2900713501 /* PBXContainerItemProxy */;
		};
/* End PBXTargetDependency section */

/* Begin PBXVariantGroup section */
		91B77A4E25219D2900713501 /* LaunchScreen.storyboard */ = {
			isa = PBXVariantGroup;
			children = (
				91B77A4F25219D2900713501 /* Base */,
			);
			name = LaunchScreen.storyboard;
			sourceTree = "<group>";
		};
/* End PBXVariantGroup section */

/* Begin XCBuildConfiguration section */
		91B77A6825219D2900713501 /* Debug */ = {
			isa = XCBuildConfiguration;
			buildSettings = {
				ALWAYS_EMBED_SWIFT_STANDARD_LIBRARIES = NO;
				ALWAYS_SEARCH_USER_PATHS = NO;
				CLANG_ANALYZER_NONNULL = YES;
				CLANG_ANALYZER_NUMBER_OBJECT_CONVERSION = YES_AGGRESSIVE;
				CLANG_CXX_LANGUAGE_STANDARD = "gnu++14";
				CLANG_CXX_LIBRARY = "libc++";
				CLANG_ENABLE_MODULES = YES;
				CLANG_ENABLE_OBJC_ARC = YES;
				CLANG_ENABLE_OBJC_WEAK = YES;
				CLANG_WARN_BLOCK_CAPTURE_AUTORELEASING = YES;
				CLANG_WARN_BOOL_CONVERSION = YES;
				CLANG_WARN_COMMA = YES;
				CLANG_WARN_CONSTANT_CONVERSION = YES;
				CLANG_WARN_DEPRECATED_OBJC_IMPLEMENTATIONS = YES;
				CLANG_WARN_DIRECT_OBJC_ISA_USAGE = YES_ERROR;
				CLANG_WARN_DOCUMENTATION_COMMENTS = YES;
				CLANG_WARN_EMPTY_BODY = YES;
				CLANG_WARN_ENUM_CONVERSION = YES;
				CLANG_WARN_INFINITE_RECURSION = YES;
				CLANG_WARN_INT_CONVERSION = YES;
				CLANG_WARN_NON_LITERAL_NULL_CONVERSION = YES;
				CLANG_WARN_OBJC_IMPLICIT_RETAIN_SELF = YES;
				CLANG_WARN_OBJC_LITERAL_CONVERSION = YES;
				CLANG_WARN_OBJC_ROOT_CLASS = YES_ERROR;
				CLANG_WARN_QUOTED_INCLUDE_IN_FRAMEWORK_HEADER = YES;
				CLANG_WARN_RANGE_LOOP_ANALYSIS = YES;
				CLANG_WARN_STRICT_PROTOTYPES = YES;
				CLANG_WARN_SUSPICIOUS_MOVE = YES;
				CLANG_WARN_UNGUARDED_AVAILABILITY = YES_AGGRESSIVE;
				CLANG_WARN_UNREACHABLE_CODE = YES;
				CLANG_WARN__DUPLICATE_METHOD_MATCH = YES;
				COPY_PHASE_STRIP = NO;
				DEBUG_INFORMATION_FORMAT = dwarf;
				ENABLE_STRICT_OBJC_MSGSEND = YES;
				ENABLE_TESTABILITY = YES;
				GCC_C_LANGUAGE_STANDARD = gnu11;
				GCC_DYNAMIC_NO_PIC = NO;
				GCC_NO_COMMON_BLOCKS = YES;
				GCC_OPTIMIZATION_LEVEL = s;
				GCC_PREPROCESSOR_DEFINITIONS = (
					"DEBUG=1",
					"$(inherited)",
				);
				GCC_WARN_64_TO_32_BIT_CONVERSION = YES;
				GCC_WARN_ABOUT_RETURN_TYPE = YES_ERROR;
				GCC_WARN_UNDECLARED_SELECTOR = YES;
				GCC_WARN_UNINITIALIZED_AUTOS = YES_AGGRESSIVE;
				GCC_WARN_UNUSED_FUNCTION = YES;
				GCC_WARN_UNUSED_VARIABLE = YES;
				IPHONEOS_DEPLOYMENT_TARGET = 14.0;
				MTL_ENABLE_DEBUG_INFO = INCLUDE_SOURCE;
				MTL_FAST_MATH = YES;
				ONLY_ACTIVE_ARCH = YES;
				SDKROOT = iphoneos;
				SWIFT_ACTIVE_COMPILATION_CONDITIONS = DEBUG;
				SWIFT_COMPILATION_MODE = wholemodule;
				SWIFT_OPTIMIZATION_LEVEL = "-Onone";
			};
			name = Debug;
		};
		91B77A6925219D2900713501 /* Release */ = {
			isa = XCBuildConfiguration;
			buildSettings = {
				ALWAYS_EMBED_SWIFT_STANDARD_LIBRARIES = NO;
				ALWAYS_SEARCH_USER_PATHS = NO;
				CLANG_ANALYZER_NONNULL = YES;
				CLANG_ANALYZER_NUMBER_OBJECT_CONVERSION = YES_AGGRESSIVE;
				CLANG_CXX_LANGUAGE_STANDARD = "gnu++14";
				CLANG_CXX_LIBRARY = "libc++";
				CLANG_ENABLE_MODULES = YES;
				CLANG_ENABLE_OBJC_ARC = YES;
				CLANG_ENABLE_OBJC_WEAK = YES;
				CLANG_WARN_BLOCK_CAPTURE_AUTORELEASING = YES;
				CLANG_WARN_BOOL_CONVERSION = YES;
				CLANG_WARN_COMMA = YES;
				CLANG_WARN_CONSTANT_CONVERSION = YES;
				CLANG_WARN_DEPRECATED_OBJC_IMPLEMENTATIONS = YES;
				CLANG_WARN_DIRECT_OBJC_ISA_USAGE = YES_ERROR;
				CLANG_WARN_DOCUMENTATION_COMMENTS = YES;
				CLANG_WARN_EMPTY_BODY = YES;
				CLANG_WARN_ENUM_CONVERSION = YES;
				CLANG_WARN_INFINITE_RECURSION = YES;
				CLANG_WARN_INT_CONVERSION = YES;
				CLANG_WARN_NON_LITERAL_NULL_CONVERSION = YES;
				CLANG_WARN_OBJC_IMPLICIT_RETAIN_SELF = YES;
				CLANG_WARN_OBJC_LITERAL_CONVERSION = YES;
				CLANG_WARN_OBJC_ROOT_CLASS = YES_ERROR;
				CLANG_WARN_QUOTED_INCLUDE_IN_FRAMEWORK_HEADER = YES;
				CLANG_WARN_RANGE_LOOP_ANALYSIS = YES;
				CLANG_WARN_STRICT_PROTOTYPES = YES;
				CLANG_WARN_SUSPICIOUS_MOVE = YES;
				CLANG_WARN_UNGUARDED_AVAILABILITY = YES_AGGRESSIVE;
				CLANG_WARN_UNREACHABLE_CODE = YES;
				CLANG_WARN__DUPLICATE_METHOD_MATCH = YES;
				COPY_PHASE_STRIP = NO;
				DEBUG_INFORMATION_FORMAT = "dwarf-with-dsym";
				ENABLE_NS_ASSERTIONS = NO;
				ENABLE_STRICT_OBJC_MSGSEND = YES;
				GCC_C_LANGUAGE_STANDARD = gnu11;
				GCC_NO_COMMON_BLOCKS = YES;
				GCC_WARN_64_TO_32_BIT_CONVERSION = YES;
				GCC_WARN_ABOUT_RETURN_TYPE = YES_ERROR;
				GCC_WARN_UNDECLARED_SELECTOR = YES;
				GCC_WARN_UNINITIALIZED_AUTOS = YES_AGGRESSIVE;
				GCC_WARN_UNUSED_FUNCTION = YES;
				GCC_WARN_UNUSED_VARIABLE = YES;
				IPHONEOS_DEPLOYMENT_TARGET = 14.0;
				MTL_ENABLE_DEBUG_INFO = NO;
				MTL_FAST_MATH = YES;
				SDKROOT = iphoneos;
				SWIFT_COMPILATION_MODE = wholemodule;
				SWIFT_OPTIMIZATION_LEVEL = "-O";
				VALIDATE_PRODUCT = YES;
			};
			name = Release;
		};
		91B77A6B25219D2900713501 /* Debug */ = {
			isa = XCBuildConfiguration;
			baseConfigurationReference = 1D5C851450DFF31BB398D946 /* Pods-Food Truck Hunter.debug.xcconfig */;
			buildSettings = {
				ASSETCATALOG_COMPILER_APPICON_NAME = AppIcon;
				ASSETCATALOG_COMPILER_GLOBAL_ACCENT_COLOR_NAME = AccentColor;
				CODE_SIGN_STYLE = Automatic;
				DEVELOPMENT_ASSET_PATHS = "\"Food Truck Hunter/Preview Content\"";
				ENABLE_PREVIEWS = YES;
				INFOPLIST_FILE = "Food Truck Hunter/Info.plist";
				IPHONEOS_DEPLOYMENT_TARGET = 14.0;
				LD_RUNPATH_SEARCH_PATHS = (
					"$(inherited)",
					"@executable_path/Frameworks",
				);
				PRODUCT_BUNDLE_IDENTIFIER = "com.example.Food-Truck-Hunter";
				PRODUCT_NAME = "$(TARGET_NAME)";
				SWIFT_VERSION = 5.0;
				TARGETED_DEVICE_FAMILY = "1,2";
			};
			name = Debug;
		};
		91B77A6C25219D2900713501 /* Release */ = {
			isa = XCBuildConfiguration;
			baseConfigurationReference = 7745A67C172EECC6623853F1 /* Pods-Food Truck Hunter.release.xcconfig */;
			buildSettings = {
				ASSETCATALOG_COMPILER_APPICON_NAME = AppIcon;
				ASSETCATALOG_COMPILER_GLOBAL_ACCENT_COLOR_NAME = AccentColor;
				CODE_SIGN_STYLE = Automatic;
				DEVELOPMENT_ASSET_PATHS = "\"Food Truck Hunter/Preview Content\"";
				ENABLE_PREVIEWS = YES;
				INFOPLIST_FILE = "Food Truck Hunter/Info.plist";
				IPHONEOS_DEPLOYMENT_TARGET = 14.0;
				LD_RUNPATH_SEARCH_PATHS = (
					"$(inherited)",
					"@executable_path/Frameworks",
				);
				PRODUCT_BUNDLE_IDENTIFIER = "com.example.Food-Truck-Hunter";
				PRODUCT_NAME = "$(TARGET_NAME)";
				SWIFT_OPTIMIZATION_LEVEL = "-Osize";
				SWIFT_VERSION = 5.0;
				TARGETED_DEVICE_FAMILY = "1,2";
			};
			name = Release;
		};
		91B77A6E25219D2900713501 /* Debug */ = {
			isa = XCBuildConfiguration;
			baseConfigurationReference = 0DDC63C54C16BB465132E02B /* Pods-Food Truck HunterTests.debug.xcconfig */;
			buildSettings = {
				ALWAYS_EMBED_SWIFT_STANDARD_LIBRARIES = YES;
				BUNDLE_LOADER = "$(TEST_HOST)";
				CODE_SIGN_STYLE = Automatic;
				INFOPLIST_FILE = "Food Truck HunterTests/Info.plist";
				IPHONEOS_DEPLOYMENT_TARGET = 14.0;
				LD_RUNPATH_SEARCH_PATHS = (
					"$(inherited)",
					"@executable_path/Frameworks",
					"@loader_path/Frameworks",
				);
				PRODUCT_BUNDLE_IDENTIFIER = "com.example.Food-Truck-HunterTests";
				PRODUCT_NAME = "$(TARGET_NAME)";
				SWIFT_VERSION = 5.0;
				TARGETED_DEVICE_FAMILY = "1,2";
				TEST_HOST = "$(BUILT_PRODUCTS_DIR)/Food Truck Hunter.app/Food Truck Hunter";
			};
			name = Debug;
		};
		91B77A6F25219D2900713501 /* Release */ = {
			isa = XCBuildConfiguration;
			baseConfigurationReference = 20ACA374320BA51F4EF8E331 /* Pods-Food Truck HunterTests.release.xcconfig */;
			buildSettings = {
				ALWAYS_EMBED_SWIFT_STANDARD_LIBRARIES = YES;
				BUNDLE_LOADER = "$(TEST_HOST)";
				CODE_SIGN_STYLE = Automatic;
				INFOPLIST_FILE = "Food Truck HunterTests/Info.plist";
				IPHONEOS_DEPLOYMENT_TARGET = 14.0;
				LD_RUNPATH_SEARCH_PATHS = (
					"$(inherited)",
					"@executable_path/Frameworks",
					"@loader_path/Frameworks",
				);
				PRODUCT_BUNDLE_IDENTIFIER = "com.example.Food-Truck-HunterTests";
				PRODUCT_NAME = "$(TARGET_NAME)";
				SWIFT_VERSION = 5.0;
				TARGETED_DEVICE_FAMILY = "1,2";
				TEST_HOST = "$(BUILT_PRODUCTS_DIR)/Food Truck Hunter.app/Food Truck Hunter";
			};
			name = Release;
		};
		91B77A7125219D2900713501 /* Debug */ = {
			isa = XCBuildConfiguration;
			baseConfigurationReference = 031B0C5B4A415259E6412F4A /* Pods-Food Truck Hunter-Food Truck HunterUITests.debug.xcconfig */;
			buildSettings = {
				ALWAYS_EMBED_SWIFT_STANDARD_LIBRARIES = YES;
				CODE_SIGN_STYLE = Automatic;
				INFOPLIST_FILE = "Food Truck HunterUITests/Info.plist";
				IPHONEOS_DEPLOYMENT_TARGET = 14.0;
				LD_RUNPATH_SEARCH_PATHS = (
					"$(inherited)",
					"@executable_path/Frameworks",
					"@loader_path/Frameworks",
				);
				PRODUCT_BUNDLE_IDENTIFIER = "com.example.Food-Truck-HunterUITests";
				PRODUCT_NAME = "$(TARGET_NAME)";
				SWIFT_VERSION = 5.0;
				TARGETED_DEVICE_FAMILY = "1,2";
				TEST_TARGET_NAME = "Food Truck Hunter";
			};
			name = Debug;
		};
		91B77A7225219D2900713501 /* Release */ = {
			isa = XCBuildConfiguration;
			baseConfigurationReference = 10F234B7CC98E4DD441D2AE2 /* Pods-Food Truck Hunter-Food Truck HunterUITests.release.xcconfig */;
			buildSettings = {
				ALWAYS_EMBED_SWIFT_STANDARD_LIBRARIES = YES;
				CODE_SIGN_STYLE = Automatic;
				INFOPLIST_FILE = "Food Truck HunterUITests/Info.plist";
				IPHONEOS_DEPLOYMENT_TARGET = 14.0;
				LD_RUNPATH_SEARCH_PATHS = (
					"$(inherited)",
					"@executable_path/Frameworks",
					"@loader_path/Frameworks",
				);
				PRODUCT_BUNDLE_IDENTIFIER = "com.example.Food-Truck-HunterUITests";
				PRODUCT_NAME = "$(TARGET_NAME)";
				SWIFT_VERSION = 5.0;
				TARGETED_DEVICE_FAMILY = "1,2";
				TEST_TARGET_NAME = "Food Truck Hunter";
			};
			name = Release;
		};
/* End XCBuildConfiguration section */

/* Begin XCConfigurationList section */
		91B77A3825219D2800713501 /* Build configuration list for PBXProject "Food Truck Hunter" */ = {
			isa = XCConfigurationList;
			buildConfigurations = (
				91B77A6825219D2900713501 /* Debug */,
				91B77A6925219D2900713501 /* Release */,
			);
			defaultConfigurationIsVisible = 0;
			defaultConfigurationName = Release;
		};
		91B77A6A25219D2900713501 /* Build configuration list for PBXNativeTarget "Food Truck Hunter" */ = {
			isa = XCConfigurationList;
			buildConfigurations = (
				91B77A6B25219D2900713501 /* Debug */,
				91B77A6C25219D2900713501 /* Release */,
			);
			defaultConfigurationIsVisible = 0;
			defaultConfigurationName = Release;
		};
		91B77A6D25219D2900713501 /* Build configuration list for PBXNativeTarget "Food Truck HunterTests" */ = {
			isa = XCConfigurationList;
			buildConfigurations = (
				91B77A6E25219D2900713501 /* Debug */,
				91B77A6F25219D2900713501 /* Release */,
			);
			defaultConfigurationIsVisible = 0;
			defaultConfigurationName = Release;
		};
		91B77A7025219D2900713501 /* Build configuration list for PBXNativeTarget "Food Truck HunterUITests" */ = {
			isa = XCConfigurationList;
			buildConfigurations = (
				91B77A7125219D2900713501 /* Debug */,
				91B77A7225219D2900713501 /* Release */,
			);
			defaultConfigurationIsVisible = 0;
			defaultConfigurationName = Release;
		};
/* End XCConfigurationList section */

/* Begin XCVersionGroup section */
		91B77A4625219D2800713501 /* Food_Truck_Hunter.xcdatamodeld */ = {
			isa = XCVersionGroup;
			children = (
				91B77A4725219D2800713501 /* Food_Truck_Hunter.xcdatamodel */,
			);
			currentVersion = 91B77A4725219D2800713501 /* Food_Truck_Hunter.xcdatamodel */;
			path = Food_Truck_Hunter.xcdatamodeld;
			sourceTree = "<group>";
			versionGroupType = wrapper.xcdatamodel;
		};
/* End XCVersionGroup section */
	};
	rootObject = 91B77A3525219D2800713501 /* Project object */;
}
